// !$*UTF8*$!
{
	archiveVersion = 1;
	classes = {
	};
	objectVersion = 46;
	objects = {

/* Begin PBXBuildFile section */
		5F18D57D1E14E53300EF81E6 /* LoginViewController.swift in Sources */ = {isa = PBXBuildFile; fileRef = 5F18D57C1E14E53300EF81E6 /* LoginViewController.swift */; };
		5F23F3911E2273B300ACA6A7 /* FirstViewController.swift in Sources */ = {isa = PBXBuildFile; fileRef = 5F23F3901E2273B300ACA6A7 /* FirstViewController.swift */; };
		5F23F3931E2278B500ACA6A7 /* SlideshowCell.swift in Sources */ = {isa = PBXBuildFile; fileRef = 5F23F3921E2278B500ACA6A7 /* SlideshowCell.swift */; };
		5F25B2311E10E006008A3B11 /* SecondViewController.swift in Sources */ = {isa = PBXBuildFile; fileRef = 5F25B2301E10E006008A3B11 /* SecondViewController.swift */; };
		5F25B2331E10E018008A3B11 /* ThirdViewController.swift in Sources */ = {isa = PBXBuildFile; fileRef = 5F25B2321E10E018008A3B11 /* ThirdViewController.swift */; };
		5F25B2351E10E027008A3B11 /* FourthViewController.swift in Sources */ = {isa = PBXBuildFile; fileRef = 5F25B2341E10E027008A3B11 /* FourthViewController.swift */; };
		5F307C8C1E26893300DEF3B0 /* QRViewController.swift in Sources */ = {isa = PBXBuildFile; fileRef = 5F307C8B1E26893300DEF3B0 /* QRViewController.swift */; };
		5F307C8F1E26AF0000DEF3B0 /* Modal.storyboard in Resources */ = {isa = PBXBuildFile; fileRef = 5F307C8D1E26AF0000DEF3B0 /* Modal.storyboard */; };
		5F4A9D921E10300900713580 /* AppDelegate.swift in Sources */ = {isa = PBXBuildFile; fileRef = 5F4A9D911E10300900713580 /* AppDelegate.swift */; };
		5F4A9D971E10300900713580 /* Main.storyboard in Resources */ = {isa = PBXBuildFile; fileRef = 5F4A9D951E10300900713580 /* Main.storyboard */; };
		5F4A9D9C1E10300900713580 /* Assets.xcassets in Resources */ = {isa = PBXBuildFile; fileRef = 5F4A9D9B1E10300900713580 /* Assets.xcassets */; };
		5F4A9D9F1E10300900713580 /* LaunchScreen.storyboard in Resources */ = {isa = PBXBuildFile; fileRef = 5F4A9D9D1E10300900713580 /* LaunchScreen.storyboard */; };
		5F4A9DA91E10D10B00713580 /* InterestedViewController.swift in Sources */ = {isa = PBXBuildFile; fileRef = 5F4A9DA81E10D10B00713580 /* InterestedViewController.swift */; };
		5F5C7D431E10DC6A00C9D0F2 /* First.storyboard in Resources */ = {isa = PBXBuildFile; fileRef = 5F5C7D411E10DC6A00C9D0F2 /* First.storyboard */; };
		5F5C7D4B1E10DD9D00C9D0F2 /* Second.storyboard in Resources */ = {isa = PBXBuildFile; fileRef = 5F5C7D491E10DD9D00C9D0F2 /* Second.storyboard */; };
		5F5C7D4E1E10DDCC00C9D0F2 /* Third.storyboard in Resources */ = {isa = PBXBuildFile; fileRef = 5F5C7D4C1E10DDCC00C9D0F2 /* Third.storyboard */; };
		5F5C7D511E10DE1500C9D0F2 /* Fourth.storyboard in Resources */ = {isa = PBXBuildFile; fileRef = 5F5C7D4F1E10DE1500C9D0F2 /* Fourth.storyboard */; };
		5F9FB0891E150EDE00E984AB /* Bolts.framework in Frameworks */ = {isa = PBXBuildFile; fileRef = 5F9FB0851E150EDE00E984AB /* Bolts.framework */; };
		5F9FB08A1E150EDE00E984AB /* FBSDKCoreKit.framework in Frameworks */ = {isa = PBXBuildFile; fileRef = 5F9FB0861E150EDE00E984AB /* FBSDKCoreKit.framework */; };
		5F9FB08B1E150EDE00E984AB /* FBSDKLoginKit.framework in Frameworks */ = {isa = PBXBuildFile; fileRef = 5F9FB0871E150EDE00E984AB /* FBSDKLoginKit.framework */; };
		5F9FB08C1E150EDE00E984AB /* FBSDKShareKit.framework in Frameworks */ = {isa = PBXBuildFile; fileRef = 5F9FB0881E150EDE00E984AB /* FBSDKShareKit.framework */; };
		5FB054591E23CEEF00428428 /* TagController.swift in Sources */ = {isa = PBXBuildFile; fileRef = 5FB054581E23CEEF00428428 /* TagController.swift */; };
		5FCE0A781E10E4B400E5DB16 /* RegisterViewController.swift in Sources */ = {isa = PBXBuildFile; fileRef = 5FCE0A771E10E4B400E5DB16 /* RegisterViewController.swift */; };
		800641D81E215A7F00760834 /* Model.xcdatamodeld in Sources */ = {isa = PBXBuildFile; fileRef = 800641D61E215A7F00760834 /* Model.xcdatamodeld */; };
		800641DB1E215BAC00760834 /* EventData+CoreDataClass.swift in Sources */ = {isa = PBXBuildFile; fileRef = 800641D91E215BAC00760834 /* EventData+CoreDataClass.swift */; };
		800641DC1E215BAC00760834 /* EventData+CoreDataProperties.swift in Sources */ = {isa = PBXBuildFile; fileRef = 800641DA1E215BAC00760834 /* EventData+CoreDataProperties.swift */; };
		80073CDE1E1E32AF00C1F64E /* FacityTableViewCell.swift in Sources */ = {isa = PBXBuildFile; fileRef = 80073CDD1E1E32AF00C1F64E /* FacityTableViewCell.swift */; };
		800E2A191E1E2B3D00677A54 /* FacityTableViewController.swift in Sources */ = {isa = PBXBuildFile; fileRef = 800E2A181E1E2B3D00677A54 /* FacityTableViewController.swift */; };
		802F13B31E23FC240098A687 /* BookTableViewCell.swift in Sources */ = {isa = PBXBuildFile; fileRef = 802F13B21E23FC240098A687 /* BookTableViewCell.swift */; };
		807FF6461E21438200A9CA08 /* EventsTableViewController.swift in Sources */ = {isa = PBXBuildFile; fileRef = 807FF6451E21438200A9CA08 /* EventsTableViewController.swift */; };
		80D6586D1E1EB1A0009720AF /* EventTableViewCell.swift in Sources */ = {isa = PBXBuildFile; fileRef = 80D6586C1E1EB1A0009720AF /* EventTableViewCell.swift */; };
		80D6586F1E1EB1DB009720AF /* CoreDataTableViewController.swift in Sources */ = {isa = PBXBuildFile; fileRef = 80D6586E1E1EB1DB009720AF /* CoreDataTableViewController.swift */; };
/* End PBXBuildFile section */

/* Begin PBXFileReference section */
		5F18D57C1E14E53300EF81E6 /* LoginViewController.swift */ = {isa = PBXFileReference; fileEncoding = 4; lastKnownFileType = sourcecode.swift; path = LoginViewController.swift; sourceTree = "<group>"; };
		5F23F3901E2273B300ACA6A7 /* FirstViewController.swift */ = {isa = PBXFileReference; fileEncoding = 4; lastKnownFileType = sourcecode.swift; path = FirstViewController.swift; sourceTree = "<group>"; };
		5F23F3921E2278B500ACA6A7 /* SlideshowCell.swift */ = {isa = PBXFileReference; fileEncoding = 4; lastKnownFileType = sourcecode.swift; path = SlideshowCell.swift; sourceTree = "<group>"; };
		5F25B2301E10E006008A3B11 /* SecondViewController.swift */ = {isa = PBXFileReference; fileEncoding = 4; lastKnownFileType = sourcecode.swift; path = SecondViewController.swift; sourceTree = "<group>"; };
		5F25B2321E10E018008A3B11 /* ThirdViewController.swift */ = {isa = PBXFileReference; fileEncoding = 4; lastKnownFileType = sourcecode.swift; path = ThirdViewController.swift; sourceTree = "<group>"; };
		5F25B2341E10E027008A3B11 /* FourthViewController.swift */ = {isa = PBXFileReference; fileEncoding = 4; lastKnownFileType = sourcecode.swift; path = FourthViewController.swift; sourceTree = "<group>"; };
		5F307C8B1E26893300DEF3B0 /* QRViewController.swift */ = {isa = PBXFileReference; fileEncoding = 4; lastKnownFileType = sourcecode.swift; path = QRViewController.swift; sourceTree = "<group>"; };
		5F307C8E1E26AF0000DEF3B0 /* Base */ = {isa = PBXFileReference; lastKnownFileType = file.storyboard; name = Base; path = Base.lproj/Modal.storyboard; sourceTree = "<group>"; };
		5F4A9D8E1E10300900713580 /* Chula Expo 2017.app */ = {isa = PBXFileReference; explicitFileType = wrapper.application; includeInIndex = 0; path = "Chula Expo 2017.app"; sourceTree = BUILT_PRODUCTS_DIR; };
		5F4A9D911E10300900713580 /* AppDelegate.swift */ = {isa = PBXFileReference; lastKnownFileType = sourcecode.swift; path = AppDelegate.swift; sourceTree = "<group>"; };
		5F4A9D961E10300900713580 /* Base */ = {isa = PBXFileReference; lastKnownFileType = file.storyboard; name = Base; path = Base.lproj/Main.storyboard; sourceTree = "<group>"; };
		5F4A9D9B1E10300900713580 /* Assets.xcassets */ = {isa = PBXFileReference; lastKnownFileType = folder.assetcatalog; path = Assets.xcassets; sourceTree = "<group>"; };
		5F4A9D9E1E10300900713580 /* Base */ = {isa = PBXFileReference; lastKnownFileType = file.storyboard; name = Base; path = Base.lproj/LaunchScreen.storyboard; sourceTree = "<group>"; };
		5F4A9DA01E10300900713580 /* Info.plist */ = {isa = PBXFileReference; lastKnownFileType = text.plist.xml; path = Info.plist; sourceTree = "<group>"; };
		5F4A9DA81E10D10B00713580 /* InterestedViewController.swift */ = {isa = PBXFileReference; fileEncoding = 4; lastKnownFileType = sourcecode.swift; path = InterestedViewController.swift; sourceTree = "<group>"; };
		5F5C7D421E10DC6A00C9D0F2 /* Base */ = {isa = PBXFileReference; lastKnownFileType = file.storyboard; name = Base; path = Base.lproj/First.storyboard; sourceTree = "<group>"; };
		5F5C7D4A1E10DD9D00C9D0F2 /* Base */ = {isa = PBXFileReference; lastKnownFileType = file.storyboard; name = Base; path = Base.lproj/Second.storyboard; sourceTree = "<group>"; };
		5F5C7D4D1E10DDCC00C9D0F2 /* Base */ = {isa = PBXFileReference; lastKnownFileType = file.storyboard; name = Base; path = Base.lproj/Third.storyboard; sourceTree = "<group>"; };
		5F5C7D501E10DE1500C9D0F2 /* Base */ = {isa = PBXFileReference; lastKnownFileType = file.storyboard; name = Base; path = Base.lproj/Fourth.storyboard; sourceTree = "<group>"; };
		5F9FB0811E1508C000E984AB /* Chula Expo 2017.entitlements */ = {isa = PBXFileReference; lastKnownFileType = text.plist.entitlements; path = "Chula Expo 2017.entitlements"; sourceTree = "<group>"; };
		5F9FB0851E150EDE00E984AB /* Bolts.framework */ = {isa = PBXFileReference; lastKnownFileType = wrapper.framework; path = Bolts.framework; sourceTree = "<group>"; };
		5F9FB0861E150EDE00E984AB /* FBSDKCoreKit.framework */ = {isa = PBXFileReference; lastKnownFileType = wrapper.framework; path = FBSDKCoreKit.framework; sourceTree = "<group>"; };
		5F9FB0871E150EDE00E984AB /* FBSDKLoginKit.framework */ = {isa = PBXFileReference; lastKnownFileType = wrapper.framework; path = FBSDKLoginKit.framework; sourceTree = "<group>"; };
		5F9FB0881E150EDE00E984AB /* FBSDKShareKit.framework */ = {isa = PBXFileReference; lastKnownFileType = wrapper.framework; path = FBSDKShareKit.framework; sourceTree = "<group>"; };
		5FB054581E23CEEF00428428 /* TagController.swift */ = {isa = PBXFileReference; fileEncoding = 4; lastKnownFileType = sourcecode.swift; path = TagController.swift; sourceTree = "<group>"; };
		5FCE0A771E10E4B400E5DB16 /* RegisterViewController.swift */ = {isa = PBXFileReference; fileEncoding = 4; lastKnownFileType = sourcecode.swift; path = RegisterViewController.swift; sourceTree = "<group>"; };
		800641D71E215A7F00760834 /* Model.xcdatamodel */ = {isa = PBXFileReference; lastKnownFileType = wrapper.xcdatamodel; path = Model.xcdatamodel; sourceTree = "<group>"; };
		800641D91E215BAC00760834 /* EventData+CoreDataClass.swift */ = {isa = PBXFileReference; fileEncoding = 4; lastKnownFileType = sourcecode.swift; path = "EventData+CoreDataClass.swift"; sourceTree = "<group>"; };
		800641DA1E215BAC00760834 /* EventData+CoreDataProperties.swift */ = {isa = PBXFileReference; fileEncoding = 4; lastKnownFileType = sourcecode.swift; path = "EventData+CoreDataProperties.swift"; sourceTree = "<group>"; };
		80073CDD1E1E32AF00C1F64E /* FacityTableViewCell.swift */ = {isa = PBXFileReference; fileEncoding = 4; lastKnownFileType = sourcecode.swift; path = FacityTableViewCell.swift; sourceTree = "<group>"; };
		800E2A181E1E2B3D00677A54 /* FacityTableViewController.swift */ = {isa = PBXFileReference; fileEncoding = 4; lastKnownFileType = sourcecode.swift; path = FacityTableViewController.swift; sourceTree = "<group>"; };
		802F13B21E23FC240098A687 /* BookTableViewCell.swift */ = {isa = PBXFileReference; fileEncoding = 4; lastKnownFileType = sourcecode.swift; path = BookTableViewCell.swift; sourceTree = "<group>"; };
		807FF6451E21438200A9CA08 /* EventsTableViewController.swift */ = {isa = PBXFileReference; fileEncoding = 4; lastKnownFileType = sourcecode.swift; path = EventsTableViewController.swift; sourceTree = "<group>"; };
		80D6586C1E1EB1A0009720AF /* EventTableViewCell.swift */ = {isa = PBXFileReference; fileEncoding = 4; lastKnownFileType = sourcecode.swift; path = EventTableViewCell.swift; sourceTree = "<group>"; };
		80D6586E1E1EB1DB009720AF /* CoreDataTableViewController.swift */ = {isa = PBXFileReference; fileEncoding = 4; lastKnownFileType = sourcecode.swift; path = CoreDataTableViewController.swift; sourceTree = "<group>"; };
/* End PBXFileReference section */

/* Begin PBXFrameworksBuildPhase section */
		5F4A9D8B1E10300900713580 /* Frameworks */ = {
			isa = PBXFrameworksBuildPhase;
			buildActionMask = 2147483647;
			files = (
				5F9FB08C1E150EDE00E984AB /* FBSDKShareKit.framework in Frameworks */,
				5F9FB0891E150EDE00E984AB /* Bolts.framework in Frameworks */,
				5F9FB08A1E150EDE00E984AB /* FBSDKCoreKit.framework in Frameworks */,
				5F9FB08B1E150EDE00E984AB /* FBSDKLoginKit.framework in Frameworks */,
			);
			runOnlyForDeploymentPostprocessing = 0;
		};
/* End PBXFrameworksBuildPhase section */

/* Begin PBXGroup section */
		5F23F38C1E22282A00ACA6A7 /* First_home */ = {
			isa = PBXGroup;
			children = (
				5F5C7D411E10DC6A00C9D0F2 /* First.storyboard */,
				5F23F3901E2273B300ACA6A7 /* FirstViewController.swift */,
				5FB054581E23CEEF00428428 /* TagController.swift */,
				5F23F3921E2278B500ACA6A7 /* SlideshowCell.swift */,
			);
			name = First_home;
			sourceTree = "<group>";
		};
		5F23F38E1E22285300ACA6A7 /* Second_map */ = {
			isa = PBXGroup;
			children = (
				5F5C7D491E10DD9D00C9D0F2 /* Second.storyboard */,
				5F25B2301E10E006008A3B11 /* SecondViewController.swift */,
			);
			name = Second_map;
			sourceTree = "<group>";
		};
		5F23F38F1E22287A00ACA6A7 /* Fourth_more */ = {
			isa = PBXGroup;
			children = (
				5F5C7D4F1E10DE1500C9D0F2 /* Fourth.storyboard */,
				5F25B2341E10E027008A3B11 /* FourthViewController.swift */,
			);
			name = Fourth_more;
			sourceTree = "<group>";
		};
		5F307C901E26AF3900DEF3B0 /* Modal_popup */ = {
			isa = PBXGroup;
			children = (
				5F307C8D1E26AF0000DEF3B0 /* Modal.storyboard */,
				5F307C8B1E26893300DEF3B0 /* QRViewController.swift */,
			);
			name = Modal_popup;
			sourceTree = "<group>";
		};
		5F4A9D851E10300900713580 = {
			isa = PBXGroup;
			children = (
				5F9FB0841E150EDE00E984AB /* Frameworks */,
				5F4A9D901E10300900713580 /* Chula Expo 2017 */,
				5F4A9D8F1E10300900713580 /* Products */,
			);
			sourceTree = "<group>";
		};
		5F4A9D8F1E10300900713580 /* Products */ = {
			isa = PBXGroup;
			children = (
				5F4A9D8E1E10300900713580 /* Chula Expo 2017.app */,
			);
			name = Products;
			sourceTree = "<group>";
		};
		5F4A9D901E10300900713580 /* Chula Expo 2017 */ = {
			isa = PBXGroup;
			children = (
				5F9FB0811E1508C000E984AB /* Chula Expo 2017.entitlements */,
				5F4A9D911E10300900713580 /* AppDelegate.swift */,
				5F4A9D951E10300900713580 /* Main.storyboard */,
				5F18D57C1E14E53300EF81E6 /* LoginViewController.swift */,
				5FCE0A771E10E4B400E5DB16 /* RegisterViewController.swift */,
				5F4A9DA81E10D10B00713580 /* InterestedViewController.swift */,
				5F307C901E26AF3900DEF3B0 /* Modal_popup */,
				5F23F38C1E22282A00ACA6A7 /* First_home */,
				5F23F38E1E22285300ACA6A7 /* Second_map */,
				80073CDC1E1E315400C1F64E /* Third_events */,
				5F23F38F1E22287A00ACA6A7 /* Fourth_more */,
				5F4A9D9B1E10300900713580 /* Assets.xcassets */,
				5F4A9D9D1E10300900713580 /* LaunchScreen.storyboard */,
				5F4A9DA01E10300900713580 /* Info.plist */,
				800641D61E215A7F00760834 /* Model.xcdatamodeld */,
			);
			path = "Chula Expo 2017";
			sourceTree = "<group>";
		};
		5F9FB0841E150EDE00E984AB /* Frameworks */ = {
			isa = PBXGroup;
			children = (
				5F9FB0851E150EDE00E984AB /* Bolts.framework */,
				5F9FB0861E150EDE00E984AB /* FBSDKCoreKit.framework */,
				5F9FB0871E150EDE00E984AB /* FBSDKLoginKit.framework */,
				5F9FB0881E150EDE00E984AB /* FBSDKShareKit.framework */,
			);
			path = Frameworks;
			sourceTree = "<group>";
		};
		80073CDC1E1E315400C1F64E /* Third_events */ = {
			isa = PBXGroup;
			children = (
				5F5C7D4C1E10DDCC00C9D0F2 /* Third.storyboard */,
				802F13B21E23FC240098A687 /* BookTableViewCell.swift */,
				800641D91E215BAC00760834 /* EventData+CoreDataClass.swift */,
				800641DA1E215BAC00760834 /* EventData+CoreDataProperties.swift */,
				807FF6451E21438200A9CA08 /* EventsTableViewController.swift */,
				5F25B2321E10E018008A3B11 /* ThirdViewController.swift */,
				800E2A181E1E2B3D00677A54 /* FacityTableViewController.swift */,
				80D6586E1E1EB1DB009720AF /* CoreDataTableViewController.swift */,
				80073CDD1E1E32AF00C1F64E /* FacityTableViewCell.swift */,
				80D6586C1E1EB1A0009720AF /* EventTableViewCell.swift */,
			);
			name = Third_events;
			sourceTree = "<group>";
		};
/* End PBXGroup section */

/* Begin PBXNativeTarget section */
		5F4A9D8D1E10300900713580 /* Chula Expo 2017 */ = {
			isa = PBXNativeTarget;
			buildConfigurationList = 5F4A9DA31E10300900713580 /* Build configuration list for PBXNativeTarget "Chula Expo 2017" */;
			buildPhases = (
				5F4A9D8A1E10300900713580 /* Sources */,
				5F4A9D8B1E10300900713580 /* Frameworks */,
				5F4A9D8C1E10300900713580 /* Resources */,
			);
			buildRules = (
			);
			dependencies = (
			);
			name = "Chula Expo 2017";
			productName = "Chula Expo 2017";
			productReference = 5F4A9D8E1E10300900713580 /* Chula Expo 2017.app */;
			productType = "com.apple.product-type.application";
		};
/* End PBXNativeTarget section */

/* Begin PBXProject section */
		5F4A9D861E10300900713580 /* Project object */ = {
			isa = PBXProject;
			attributes = {
				LastSwiftUpdateCheck = 0820;
				LastUpgradeCheck = 0820;
				ORGANIZATIONNAME = "Chula Computer Engineering Batch#41";
				TargetAttributes = {
					5F4A9D8D1E10300900713580 = {
						CreatedOnToolsVersion = 8.2;
						DevelopmentTeam = SPG965W4E9;
						ProvisioningStyle = Automatic;
						SystemCapabilities = {
							com.apple.Keychain = {
								enabled = 1;
							};
						};
					};
				};
			};
			buildConfigurationList = 5F4A9D891E10300900713580 /* Build configuration list for PBXProject "Chula Expo 2017" */;
			compatibilityVersion = "Xcode 3.2";
			developmentRegion = English;
			hasScannedForEncodings = 0;
			knownRegions = (
				en,
				Base,
			);
			mainGroup = 5F4A9D851E10300900713580;
			productRefGroup = 5F4A9D8F1E10300900713580 /* Products */;
			projectDirPath = "";
			projectRoot = "";
			targets = (
				5F4A9D8D1E10300900713580 /* Chula Expo 2017 */,
			);
		};
/* End PBXProject section */

/* Begin PBXResourcesBuildPhase section */
		5F4A9D8C1E10300900713580 /* Resources */ = {
			isa = PBXResourcesBuildPhase;
			buildActionMask = 2147483647;
			files = (
				5F4A9D9F1E10300900713580 /* LaunchScreen.storyboard in Resources */,
				5F5C7D4E1E10DDCC00C9D0F2 /* Third.storyboard in Resources */,
				5F4A9D9C1E10300900713580 /* Assets.xcassets in Resources */,
				5F4A9D971E10300900713580 /* Main.storyboard in Resources */,
				5F307C8F1E26AF0000DEF3B0 /* Modal.storyboard in Resources */,
				5F5C7D431E10DC6A00C9D0F2 /* First.storyboard in Resources */,
				5F5C7D511E10DE1500C9D0F2 /* Fourth.storyboard in Resources */,
				5F5C7D4B1E10DD9D00C9D0F2 /* Second.storyboard in Resources */,
			);
			runOnlyForDeploymentPostprocessing = 0;
		};
/* End PBXResourcesBuildPhase section */

/* Begin PBXSourcesBuildPhase section */
		5F4A9D8A1E10300900713580 /* Sources */ = {
			isa = PBXSourcesBuildPhase;
			buildActionMask = 2147483647;
			files = (
				80D6586D1E1EB1A0009720AF /* EventTableViewCell.swift in Sources */,
				5F18D57D1E14E53300EF81E6 /* LoginViewController.swift in Sources */,
				5F25B2311E10E006008A3B11 /* SecondViewController.swift in Sources */,
				5F25B2331E10E018008A3B11 /* ThirdViewController.swift in Sources */,
				800641DC1E215BAC00760834 /* EventData+CoreDataProperties.swift in Sources */,
				5FCE0A781E10E4B400E5DB16 /* RegisterViewController.swift in Sources */,
				800641DB1E215BAC00760834 /* EventData+CoreDataClass.swift in Sources */,
				5F25B2351E10E027008A3B11 /* FourthViewController.swift in Sources */,
				802F13B31E23FC240098A687 /* BookTableViewCell.swift in Sources */,
				807FF6461E21438200A9CA08 /* EventsTableViewController.swift in Sources */,
				5F4A9D921E10300900713580 /* AppDelegate.swift in Sources */,
				5F307C8C1E26893300DEF3B0 /* QRViewController.swift in Sources */,
				5F23F3931E2278B500ACA6A7 /* SlideshowCell.swift in Sources */,
				800641D81E215A7F00760834 /* Model.xcdatamodeld in Sources */,
				5F23F3911E2273B300ACA6A7 /* FirstViewController.swift in Sources */,
				5F4A9DA91E10D10B00713580 /* InterestedViewController.swift in Sources */,
				80D6586F1E1EB1DB009720AF /* CoreDataTableViewController.swift in Sources */,
				800E2A191E1E2B3D00677A54 /* FacityTableViewController.swift in Sources */,
				5FB054591E23CEEF00428428 /* TagController.swift in Sources */,
				80073CDE1E1E32AF00C1F64E /* FacityTableViewCell.swift in Sources */,
			);
			runOnlyForDeploymentPostprocessing = 0;
		};
/* End PBXSourcesBuildPhase section */

/* Begin PBXVariantGroup section */
		5F307C8D1E26AF0000DEF3B0 /* Modal.storyboard */ = {
			isa = PBXVariantGroup;
			children = (
				5F307C8E1E26AF0000DEF3B0 /* Base */,
			);
			name = Modal.storyboard;
			sourceTree = "<group>";
		};
		5F4A9D951E10300900713580 /* Main.storyboard */ = {
			isa = PBXVariantGroup;
			children = (
				5F4A9D961E10300900713580 /* Base */,
			);
			name = Main.storyboard;
			sourceTree = "<group>";
		};
		5F4A9D9D1E10300900713580 /* LaunchScreen.storyboard */ = {
			isa = PBXVariantGroup;
			children = (
				5F4A9D9E1E10300900713580 /* Base */,
			);
			name = LaunchScreen.storyboard;
			sourceTree = "<group>";
		};
		5F5C7D411E10DC6A00C9D0F2 /* First.storyboard */ = {
			isa = PBXVariantGroup;
			children = (
				5F5C7D421E10DC6A00C9D0F2 /* Base */,
			);
			name = First.storyboard;
			sourceTree = "<group>";
		};
		5F5C7D491E10DD9D00C9D0F2 /* Second.storyboard */ = {
			isa = PBXVariantGroup;
			children = (
				5F5C7D4A1E10DD9D00C9D0F2 /* Base */,
			);
			name = Second.storyboard;
			sourceTree = "<group>";
		};
		5F5C7D4C1E10DDCC00C9D0F2 /* Third.storyboard */ = {
			isa = PBXVariantGroup;
			children = (
				5F5C7D4D1E10DDCC00C9D0F2 /* Base */,
			);
			name = Third.storyboard;
			sourceTree = "<group>";
		};
		5F5C7D4F1E10DE1500C9D0F2 /* Fourth.storyboard */ = {
			isa = PBXVariantGroup;
			children = (
				5F5C7D501E10DE1500C9D0F2 /* Base */,
			);
			name = Fourth.storyboard;
			sourceTree = "<group>";
		};
/* End PBXVariantGroup section */

/* Begin XCBuildConfiguration section */
		5F4A9DA11E10300900713580 /* Debug */ = {
			isa = XCBuildConfiguration;
			buildSettings = {
				ALWAYS_SEARCH_USER_PATHS = NO;
				CLANG_ANALYZER_NONNULL = YES;
				CLANG_CXX_LANGUAGE_STANDARD = "gnu++0x";
				CLANG_CXX_LIBRARY = "libc++";
				CLANG_ENABLE_MODULES = YES;
				CLANG_ENABLE_OBJC_ARC = YES;
				CLANG_WARN_BOOL_CONVERSION = YES;
				CLANG_WARN_CONSTANT_CONVERSION = YES;
				CLANG_WARN_DIRECT_OBJC_ISA_USAGE = YES_ERROR;
				CLANG_WARN_DOCUMENTATION_COMMENTS = YES;
				CLANG_WARN_EMPTY_BODY = YES;
				CLANG_WARN_ENUM_CONVERSION = YES;
				CLANG_WARN_INFINITE_RECURSION = YES;
				CLANG_WARN_INT_CONVERSION = YES;
				CLANG_WARN_OBJC_ROOT_CLASS = YES_ERROR;
				CLANG_WARN_SUSPICIOUS_MOVE = YES;
				CLANG_WARN_UNREACHABLE_CODE = YES;
				CLANG_WARN__DUPLICATE_METHOD_MATCH = YES;
				"CODE_SIGN_IDENTITY[sdk=iphoneos*]" = "iPhone Developer";
				COPY_PHASE_STRIP = NO;
				DEBUG_INFORMATION_FORMAT = dwarf;
				ENABLE_STRICT_OBJC_MSGSEND = YES;
				ENABLE_TESTABILITY = YES;
				GCC_C_LANGUAGE_STANDARD = gnu99;
				GCC_DYNAMIC_NO_PIC = NO;
				GCC_NO_COMMON_BLOCKS = YES;
				GCC_OPTIMIZATION_LEVEL = 0;
				GCC_PREPROCESSOR_DEFINITIONS = (
					"DEBUG=1",
					"$(inherited)",
				);
				GCC_WARN_64_TO_32_BIT_CONVERSION = YES;
				GCC_WARN_ABOUT_RETURN_TYPE = YES_ERROR;
				GCC_WARN_UNDECLARED_SELECTOR = YES;
				GCC_WARN_UNINITIALIZED_AUTOS = YES_AGGRESSIVE;
				GCC_WARN_UNUSED_FUNCTION = YES;
				GCC_WARN_UNUSED_VARIABLE = YES;
				IPHONEOS_DEPLOYMENT_TARGET = 10.2;
				MTL_ENABLE_DEBUG_INFO = YES;
				ONLY_ACTIVE_ARCH = YES;
				SDKROOT = iphoneos;
				SWIFT_ACTIVE_COMPILATION_CONDITIONS = DEBUG;
				SWIFT_OPTIMIZATION_LEVEL = "-Onone";
			};
			name = Debug;
		};
		5F4A9DA21E10300900713580 /* Release */ = {
			isa = XCBuildConfiguration;
			buildSettings = {
				ALWAYS_SEARCH_USER_PATHS = NO;
				CLANG_ANALYZER_NONNULL = YES;
				CLANG_CXX_LANGUAGE_STANDARD = "gnu++0x";
				CLANG_CXX_LIBRARY = "libc++";
				CLANG_ENABLE_MODULES = YES;
				CLANG_ENABLE_OBJC_ARC = YES;
				CLANG_WARN_BOOL_CONVERSION = YES;
				CLANG_WARN_CONSTANT_CONVERSION = YES;
				CLANG_WARN_DIRECT_OBJC_ISA_USAGE = YES_ERROR;
				CLANG_WARN_DOCUMENTATION_COMMENTS = YES;
				CLANG_WARN_EMPTY_BODY = YES;
				CLANG_WARN_ENUM_CONVERSION = YES;
				CLANG_WARN_INFINITE_RECURSION = YES;
				CLANG_WARN_INT_CONVERSION = YES;
				CLANG_WARN_OBJC_ROOT_CLASS = YES_ERROR;
				CLANG_WARN_SUSPICIOUS_MOVE = YES;
				CLANG_WARN_UNREACHABLE_CODE = YES;
				CLANG_WARN__DUPLICATE_METHOD_MATCH = YES;
				"CODE_SIGN_IDENTITY[sdk=iphoneos*]" = "iPhone Developer";
				COPY_PHASE_STRIP = NO;
				DEBUG_INFORMATION_FORMAT = "dwarf-with-dsym";
				ENABLE_NS_ASSERTIONS = NO;
				ENABLE_STRICT_OBJC_MSGSEND = YES;
				GCC_C_LANGUAGE_STANDARD = gnu99;
				GCC_NO_COMMON_BLOCKS = YES;
				GCC_WARN_64_TO_32_BIT_CONVERSION = YES;
				GCC_WARN_ABOUT_RETURN_TYPE = YES_ERROR;
				GCC_WARN_UNDECLARED_SELECTOR = YES;
				GCC_WARN_UNINITIALIZED_AUTOS = YES_AGGRESSIVE;
				GCC_WARN_UNUSED_FUNCTION = YES;
				GCC_WARN_UNUSED_VARIABLE = YES;
				IPHONEOS_DEPLOYMENT_TARGET = 10.2;
				MTL_ENABLE_DEBUG_INFO = NO;
				SDKROOT = iphoneos;
				SWIFT_OPTIMIZATION_LEVEL = "-Owholemodule";
				VALIDATE_PRODUCT = YES;
			};
			name = Release;
		};
		5F4A9DA41E10300900713580 /* Debug */ = {
			isa = XCBuildConfiguration;
			buildSettings = {
				ASSETCATALOG_COMPILER_APPICON_NAME = AppIcon;
				CODE_SIGN_ENTITLEMENTS = "Chula Expo 2017/Chula Expo 2017.entitlements";
				DEVELOPMENT_TEAM = SPG965W4E9;
				FRAMEWORK_SEARCH_PATHS = (
					"$(inherited)",
					"$(PROJECT_DIR)",
					"$(PROJECT_DIR)/Chula\\ Expo\\ 2017",
					"$(PROJECT_DIR)/Chula\\ Expo\\ 2017",
					"$(PROJECT_DIR)/Chula\\ Expo\\ 2017",
					"$(PROJECT_DIR)/Chula\\ Expo\\ 2017",
					"$(PROJECT_DIR)/Frameworks",
				);
				INFOPLIST_FILE = "Chula Expo 2017/Info.plist";
				IPHONEOS_DEPLOYMENT_TARGET = 9.0;
				LD_RUNPATH_SEARCH_PATHS = "$(inherited) @executable_path/Frameworks";
				PRODUCT_BUNDLE_IDENTIFIER = "com.CPCU41.Chula-Expo-2017";
				PRODUCT_NAME = "$(TARGET_NAME)";
				SWIFT_VERSION = 3.0;
			};
			name = Debug;
		};
		5F4A9DA51E10300900713580 /* Release */ = {
			isa = XCBuildConfiguration;
			buildSettings = {
				ASSETCATALOG_COMPILER_APPICON_NAME = AppIcon;
				CODE_SIGN_ENTITLEMENTS = "Chula Expo 2017/Chula Expo 2017.entitlements";
				DEVELOPMENT_TEAM = SPG965W4E9;
				FRAMEWORK_SEARCH_PATHS = (
					"$(inherited)",
					"$(PROJECT_DIR)",
					"$(PROJECT_DIR)/Chula\\ Expo\\ 2017",
					"$(PROJECT_DIR)/Chula\\ Expo\\ 2017",
					"$(PROJECT_DIR)/Chula\\ Expo\\ 2017",
					"$(PROJECT_DIR)/Chula\\ Expo\\ 2017",
					"$(PROJECT_DIR)/Frameworks",
				);
				INFOPLIST_FILE = "Chula Expo 2017/Info.plist";
				IPHONEOS_DEPLOYMENT_TARGET = 9.0;
				LD_RUNPATH_SEARCH_PATHS = "$(inherited) @executable_path/Frameworks";
				PRODUCT_BUNDLE_IDENTIFIER = "com.CPCU41.Chula-Expo-2017";
				PRODUCT_NAME = "$(TARGET_NAME)";
				SWIFT_VERSION = 3.0;
			};
			name = Release;
		};
/* End XCBuildConfiguration section */

/* Begin XCConfigurationList section */
		5F4A9D891E10300900713580 /* Build configuration list for PBXProject "Chula Expo 2017" */ = {
			isa = XCConfigurationList;
			buildConfigurations = (
				5F4A9DA11E10300900713580 /* Debug */,
				5F4A9DA21E10300900713580 /* Release */,
			);
			defaultConfigurationIsVisible = 0;
			defaultConfigurationName = Release;
		};
		5F4A9DA31E10300900713580 /* Build configuration list for PBXNativeTarget "Chula Expo 2017" */ = {
			isa = XCConfigurationList;
			buildConfigurations = (
				5F4A9DA41E10300900713580 /* Debug */,
				5F4A9DA51E10300900713580 /* Release */,
			);
			defaultConfigurationIsVisible = 0;
			defaultConfigurationName = Release;
		};
/* End XCConfigurationList section */

/* Begin XCVersionGroup section */
		800641D61E215A7F00760834 /* Model.xcdatamodeld */ = {
			isa = XCVersionGroup;
			children = (
				800641D71E215A7F00760834 /* Model.xcdatamodel */,
			);
			currentVersion = 800641D71E215A7F00760834 /* Model.xcdatamodel */;
			name = Model.xcdatamodeld;
			path = ../Model.xcdatamodeld;
			sourceTree = "<group>";
			versionGroupType = wrapper.xcdatamodel;
		};
/* End XCVersionGroup section */
	};
	rootObject = 5F4A9D861E10300900713580 /* Project object */;
}
