// !$*UTF8*$!
{
	archiveVersion = 1;
	classes = {
	};
	objectVersion = 46;
	objects = {

/* Begin PBXBuildFile section */
		581940CF1E446395000C566C /* Search.storyboard in Resources */ = {isa = PBXBuildFile; fileRef = 581940CE1E446395000C566C /* Search.storyboard */; };
		581940D11E4463AB000C566C /* SearchViewController.swift in Sources */ = {isa = PBXBuildFile; fileRef = 581940D01E4463AB000C566C /* SearchViewController.swift */; };
		581940D31E4473E0000C566C /* HeaderSearchTableViewCell.swift in Sources */ = {isa = PBXBuildFile; fileRef = 581940D21E4473E0000C566C /* HeaderSearchTableViewCell.swift */; };
		581940D51E44783B000C566C /* MapSearchTableViewCell.swift in Sources */ = {isa = PBXBuildFile; fileRef = 581940D41E44783A000C566C /* MapSearchTableViewCell.swift */; };
		581940D71E44A072000C566C /* EventfeedTableViewCell.swift in Sources */ = {isa = PBXBuildFile; fileRef = 581940D61E44A072000C566C /* EventfeedTableViewCell.swift */; };
		581940D91E4516BF000C566C /* interestViewController.swift in Sources */ = {isa = PBXBuildFile; fileRef = 581940D81E4516BF000C566C /* interestViewController.swift */; };
		581940DB1E467A99000C566C /* interestFacityViewController.swift in Sources */ = {isa = PBXBuildFile; fileRef = 581940DA1E467A99000C566C /* interestFacityViewController.swift */; };
		58611AA81E2B598F00B0BFDA /* FourthHeadTableViewCell.swift in Sources */ = {isa = PBXBuildFile; fileRef = 58611AA71E2B598F00B0BFDA /* FourthHeadTableViewCell.swift */; };
		58611AAA1E2B5A3600B0BFDA /* FourthMenuTableViewCell.swift in Sources */ = {isa = PBXBuildFile; fileRef = 58611AA91E2B5A3600B0BFDA /* FourthMenuTableViewCell.swift */; };
		58611AAC1E2B853100B0BFDA /* CustomHeaderCell.swift in Sources */ = {isa = PBXBuildFile; fileRef = 58611AAB1E2B853100B0BFDA /* CustomHeaderCell.swift */; };
		58BD39451E4C4DFA00218B52 /* MeViewController.swift in Sources */ = {isa = PBXBuildFile; fileRef = 58BD39441E4C4DFA00218B52 /* MeViewController.swift */; };
		5F07EDC11E2B48420017ECD5 /* UserController.swift in Sources */ = {isa = PBXBuildFile; fileRef = 5F07EDC01E2B48420017ECD5 /* UserController.swift */; };
		5F07EDC41E2B64D50017ECD5 /* EventDetails.storyboard in Resources */ = {isa = PBXBuildFile; fileRef = 5F07EDC21E2B64D50017ECD5 /* EventDetails.storyboard */; };
		5F07EDCD1E2B84980017ECD5 /* ImageTableViewCell.swift in Sources */ = {isa = PBXBuildFile; fileRef = 5F07EDCC1E2B84980017ECD5 /* ImageTableViewCell.swift */; };
		5F07EDD51E2BBB950017ECD5 /* EventDetailsTableViewController.swift in Sources */ = {isa = PBXBuildFile; fileRef = 5F07EDD41E2BBB950017ECD5 /* EventDetailsTableViewController.swift */; };
		5F07EDDD1E2CD5DA0017ECD5 /* DescTableViewCell.swift in Sources */ = {isa = PBXBuildFile; fileRef = 5F07EDDC1E2CD5DA0017ECD5 /* DescTableViewCell.swift */; };
		5F0E92E11E48D8A100D5513B /* Alamofire.framework in Frameworks */ = {isa = PBXBuildFile; fileRef = 5F0E92E01E48D8A100D5513B /* Alamofire.framework */; };
		5F18D57D1E14E53300EF81E6 /* LoginViewController.swift in Sources */ = {isa = PBXBuildFile; fileRef = 5F18D57C1E14E53300EF81E6 /* LoginViewController.swift */; };
		5F202CDF1E321F5500AEAF1C /* SukhumvitSet.ttc in Resources */ = {isa = PBXBuildFile; fileRef = 5F202CDE1E321F4E00AEAF1C /* SukhumvitSet.ttc */; };
		5F23F3911E2273B300ACA6A7 /* FirstViewController.swift in Sources */ = {isa = PBXBuildFile; fileRef = 5F23F3901E2273B300ACA6A7 /* FirstViewController.swift */; };
		5F25B2311E10E006008A3B11 /* SecondViewController.swift in Sources */ = {isa = PBXBuildFile; fileRef = 5F25B2301E10E006008A3B11 /* SecondViewController.swift */; };
		5F25B2331E10E018008A3B11 /* ThirdViewController.swift in Sources */ = {isa = PBXBuildFile; fileRef = 5F25B2321E10E018008A3B11 /* ThirdViewController.swift */; };
		5F25B2351E10E027008A3B11 /* FourthViewController.swift in Sources */ = {isa = PBXBuildFile; fileRef = 5F25B2341E10E027008A3B11 /* FourthViewController.swift */; };
		5F2D9ECE1E4CE2A100818474 /* RoomData+CoreDataClass.swift in Sources */ = {isa = PBXBuildFile; fileRef = 5F2D9EC81E4CE2A100818474 /* RoomData+CoreDataClass.swift */; };
		5F2D9ECF1E4CE2A100818474 /* RoomData+CoreDataProperties.swift in Sources */ = {isa = PBXBuildFile; fileRef = 5F2D9EC91E4CE2A100818474 /* RoomData+CoreDataProperties.swift */; };
		5F2D9ED01E4CE2A100818474 /* ZoneData+CoreDataClass.swift in Sources */ = {isa = PBXBuildFile; fileRef = 5F2D9ECA1E4CE2A100818474 /* ZoneData+CoreDataClass.swift */; };
		5F2D9ED11E4CE2A100818474 /* ZoneData+CoreDataProperties.swift in Sources */ = {isa = PBXBuildFile; fileRef = 5F2D9ECB1E4CE2A100818474 /* ZoneData+CoreDataProperties.swift */; };
		5F2D9ED21E4CE2A100818474 /* PlaceData+CoreDataClass.swift in Sources */ = {isa = PBXBuildFile; fileRef = 5F2D9ECC1E4CE2A100818474 /* PlaceData+CoreDataClass.swift */; };
		5F2D9ED31E4CE2A100818474 /* PlaceData+CoreDataProperties.swift in Sources */ = {isa = PBXBuildFile; fileRef = 5F2D9ECD1E4CE2A100818474 /* PlaceData+CoreDataProperties.swift */; };
		5F307C8C1E26893300DEF3B0 /* QRViewController.swift in Sources */ = {isa = PBXBuildFile; fileRef = 5F307C8B1E26893300DEF3B0 /* QRViewController.swift */; };
		5F307C8F1E26AF0000DEF3B0 /* QRCode.storyboard in Resources */ = {isa = PBXBuildFile; fileRef = 5F307C8D1E26AF0000DEF3B0 /* QRCode.storyboard */; };
		5F4A9D921E10300900713580 /* AppDelegate.swift in Sources */ = {isa = PBXBuildFile; fileRef = 5F4A9D911E10300900713580 /* AppDelegate.swift */; };
		5F4A9D971E10300900713580 /* Main.storyboard in Resources */ = {isa = PBXBuildFile; fileRef = 5F4A9D951E10300900713580 /* Main.storyboard */; };
		5F4A9D9C1E10300900713580 /* Assets.xcassets in Resources */ = {isa = PBXBuildFile; fileRef = 5F4A9D9B1E10300900713580 /* Assets.xcassets */; };
		5F4A9D9F1E10300900713580 /* LaunchScreen.storyboard in Resources */ = {isa = PBXBuildFile; fileRef = 5F4A9D9D1E10300900713580 /* LaunchScreen.storyboard */; };
		5F4ED17D1E43082F008F3A19 /* TagTableViewCell.swift in Sources */ = {isa = PBXBuildFile; fileRef = 5F4ED17C1E43082F008F3A19 /* TagTableViewCell.swift */; };
		5F5C7D431E10DC6A00C9D0F2 /* First.storyboard in Resources */ = {isa = PBXBuildFile; fileRef = 5F5C7D411E10DC6A00C9D0F2 /* First.storyboard */; };
		5F5C7D4B1E10DD9D00C9D0F2 /* Second.storyboard in Resources */ = {isa = PBXBuildFile; fileRef = 5F5C7D491E10DD9D00C9D0F2 /* Second.storyboard */; };
		5F5C7D4E1E10DDCC00C9D0F2 /* Third.storyboard in Resources */ = {isa = PBXBuildFile; fileRef = 5F5C7D4C1E10DDCC00C9D0F2 /* Third.storyboard */; };
		5F5C7D511E10DE1500C9D0F2 /* Fourth.storyboard in Resources */ = {isa = PBXBuildFile; fileRef = 5F5C7D4F1E10DE1500C9D0F2 /* Fourth.storyboard */; };
		5F663B291E597C01006F2568 /* FacilityData+CoreDataClass.swift in Sources */ = {isa = PBXBuildFile; fileRef = 5F663B271E597C01006F2568 /* FacilityData+CoreDataClass.swift */; };
		5F663B2A1E597C01006F2568 /* FacilityData+CoreDataProperties.swift in Sources */ = {isa = PBXBuildFile; fileRef = 5F663B281E597C01006F2568 /* FacilityData+CoreDataProperties.swift */; };
		5F6F34B91E2F7EFE0090F378 /* SlideshowFrameViewController.swift in Sources */ = {isa = PBXBuildFile; fileRef = 5F6F34B81E2F7EFE0090F378 /* SlideshowFrameViewController.swift */; };
		5F6F34BD1E2F99D00090F378 /* SlideshowPageViewController.swift in Sources */ = {isa = PBXBuildFile; fileRef = 5F6F34BC1E2F99D00090F378 /* SlideshowPageViewController.swift */; };
		5F7A1F221E2E0B2900349134 /* GalleryViewController.swift in Sources */ = {isa = PBXBuildFile; fileRef = 5F7A1F211E2E0B2900349134 /* GalleryViewController.swift */; };
		5F7A1F241E2E10CE00349134 /* ImageFrameViewController.swift in Sources */ = {isa = PBXBuildFile; fileRef = 5F7A1F231E2E10CE00349134 /* ImageFrameViewController.swift */; };
		5F7A296D1E44B4AF00BC3CA6 /* FavoriteViewController.swift in Sources */ = {isa = PBXBuildFile; fileRef = 5F7A296C1E44B4AF00BC3CA6 /* FavoriteViewController.swift */; };
		5F7E8E841E424A6400241904 /* MapTableViewCell.swift in Sources */ = {isa = PBXBuildFile; fileRef = 5F7E8E831E424A6400241904 /* MapTableViewCell.swift */; };
		5FA88E581E420CF2004E7F12 /* DocumentTableViewCell.swift in Sources */ = {isa = PBXBuildFile; fileRef = 5FA88E571E420CF2004E7F12 /* DocumentTableViewCell.swift */; };
		5FB054591E23CEEF00428428 /* TagController.swift in Sources */ = {isa = PBXBuildFile; fileRef = 5FB054581E23CEEF00428428 /* TagController.swift */; };
		5FCE0A781E10E4B400E5DB16 /* RegisterViewController2.swift in Sources */ = {isa = PBXBuildFile; fileRef = 5FCE0A771E10E4B400E5DB16 /* RegisterViewController2.swift */; };
		5FD451521E521A2400291CE5 /* FavoritedActivity+CoreDataClass.swift in Sources */ = {isa = PBXBuildFile; fileRef = 5FD451501E521A2400291CE5 /* FavoritedActivity+CoreDataClass.swift */; };
		5FD451531E521A2400291CE5 /* FavoritedActivity+CoreDataProperties.swift in Sources */ = {isa = PBXBuildFile; fileRef = 5FD451511E521A2400291CE5 /* FavoritedActivity+CoreDataProperties.swift */; };
		5FDC57B61E47485800B452E7 /* UserTypeViewController.swift in Sources */ = {isa = PBXBuildFile; fileRef = 5FDC57B51E47485800B452E7 /* UserTypeViewController.swift */; };
		5FDC57B81E475AE300B452E7 /* RegisterViewController.swift in Sources */ = {isa = PBXBuildFile; fileRef = 5FDC57B71E475AE300B452E7 /* RegisterViewController.swift */; };
		5FF51A5A1E40A802000DF788 /* EventHeaderTableViewCell.swift in Sources */ = {isa = PBXBuildFile; fileRef = 5FF51A591E40A802000DF788 /* EventHeaderTableViewCell.swift */; };
		5FF51A5C1E40AF51000DF788 /* EventDetailTableViewController.swift in Sources */ = {isa = PBXBuildFile; fileRef = 5FF51A5B1E40AF51000DF788 /* EventDetailTableViewController.swift */; };
		5FF7C0E21E2D2142002D6DBD /* GalleryTableViewCell.swift in Sources */ = {isa = PBXBuildFile; fileRef = 5FF7C0E11E2D2142002D6DBD /* GalleryTableViewCell.swift */; };
		603DF2ACAFBA4C7F11D741B0 /* Pods_Chula_Expo_2017.framework in Frameworks */ = {isa = PBXBuildFile; fileRef = CBC6164695A978B130E3802A /* Pods_Chula_Expo_2017.framework */; };
		8000A5401E3785A000AED5EF /* TableHeaderView.swift in Sources */ = {isa = PBXBuildFile; fileRef = 8000A53F1E3785A000AED5EF /* TableHeaderView.swift */; };
		800641D81E215A7F00760834 /* Model.xcdatamodeld in Sources */ = {isa = PBXBuildFile; fileRef = 800641D61E215A7F00760834 /* Model.xcdatamodeld */; };
		800641DB1E215BAC00760834 /* EventData+CoreDataClass.swift in Sources */ = {isa = PBXBuildFile; fileRef = 800641D91E215BAC00760834 /* EventData+CoreDataClass.swift */; };
		800641DC1E215BAC00760834 /* EventData+CoreDataProperties.swift in Sources */ = {isa = PBXBuildFile; fileRef = 800641DA1E215BAC00760834 /* EventData+CoreDataProperties.swift */; };
		80073CDE1E1E32AF00C1F64E /* FacityTableViewCell.swift in Sources */ = {isa = PBXBuildFile; fileRef = 80073CDD1E1E32AF00C1F64E /* FacityTableViewCell.swift */; };
		800D583F1E40A4C900E854E8 /* InterestCollectionViewCell.swift in Sources */ = {isa = PBXBuildFile; fileRef = 800D583E1E40A4C900E854E8 /* InterestCollectionViewCell.swift */; };
		800D58431E40A4ED00E854E8 /* interestCollectionViewCell1.swift in Sources */ = {isa = PBXBuildFile; fileRef = 800D58401E40A4ED00E854E8 /* interestCollectionViewCell1.swift */; };
		800E2A191E1E2B3D00677A54 /* FacityTableViewController.swift in Sources */ = {isa = PBXBuildFile; fileRef = 800E2A181E1E2B3D00677A54 /* FacityTableViewController.swift */; };
		802368F21E262F1000ECF9EF /* UserData+CoreDataClass.swift in Sources */ = {isa = PBXBuildFile; fileRef = 802368F01E262F1000ECF9EF /* UserData+CoreDataClass.swift */; };
		802368F31E262F1000ECF9EF /* UserData+CoreDataProperties.swift in Sources */ = {isa = PBXBuildFile; fileRef = 802368F11E262F1000ECF9EF /* UserData+CoreDataProperties.swift */; };
		802F13B31E23FC240098A687 /* BookTableViewCell.swift in Sources */ = {isa = PBXBuildFile; fileRef = 802F13B21E23FC240098A687 /* BookTableViewCell.swift */; };
		802F979E1E4AD01900B83976 /* CityLayout.swift in Sources */ = {isa = PBXBuildFile; fileRef = 802F979D1E4AD01900B83976 /* CityLayout.swift */; };
		80314F3B1E4A1CDD003DB96A /* EventSelectViewController.swift in Sources */ = {isa = PBXBuildFile; fileRef = 80314F3A1E4A1CDD003DB96A /* EventSelectViewController.swift */; };
		80314F3D1E4A1D61003DB96A /* CollectionViewController.swift in Sources */ = {isa = PBXBuildFile; fileRef = 80314F3C1E4A1D61003DB96A /* CollectionViewController.swift */; };
		80314F3F1E4A2F0D003DB96A /* CityCollectionViewCell.swift in Sources */ = {isa = PBXBuildFile; fileRef = 80314F3E1E4A2F0D003DB96A /* CityCollectionViewCell.swift */; };
		80314F411E4A2F1E003DB96A /* FacultyCollectionViewCell.swift in Sources */ = {isa = PBXBuildFile; fileRef = 80314F401E4A2F1E003DB96A /* FacultyCollectionViewCell.swift */; };
		80314F471E4A3532003DB96A /* InterCollectionViewCell.swift in Sources */ = {isa = PBXBuildFile; fileRef = 80314F461E4A3532003DB96A /* InterCollectionViewCell.swift */; };
		80320A851E4F10A200278CCC /* EventAsset.xcassets in Resources */ = {isa = PBXBuildFile; fileRef = 80320A841E4F10A200278CCC /* EventAsset.xcassets */; };
		803688AB1E42595300C1FB58 /* StageDetailCell.swift in Sources */ = {isa = PBXBuildFile; fileRef = 803688AA1E42595300C1FB58 /* StageDetailCell.swift */; };
		803C5DFD1E37B66A00079A97 /* HeaderTableViewCell.swift in Sources */ = {isa = PBXBuildFile; fileRef = 803C5DFC1E37B66A00079A97 /* HeaderTableViewCell.swift */; };
		80403F361E5DECDB009C1937 /* InterestBG.xcassets in Resources */ = {isa = PBXBuildFile; fileRef = 80403F351E5DECDB009C1937 /* InterestBG.xcassets */; };
		805029BD1E2AA139009ABF2C /* Bolts.framework in Frameworks */ = {isa = PBXBuildFile; fileRef = 5F9FB0851E150EDE00E984AB /* Bolts.framework */; };
		805029BF1E2AA139009ABF2C /* FBSDKCoreKit.framework in Frameworks */ = {isa = PBXBuildFile; fileRef = 5F9FB0861E150EDE00E984AB /* FBSDKCoreKit.framework */; };
		805029C11E2AA139009ABF2C /* FBSDKLoginKit.framework in Frameworks */ = {isa = PBXBuildFile; fileRef = 5F9FB0871E150EDE00E984AB /* FBSDKLoginKit.framework */; };
		805029C31E2AA139009ABF2C /* FBSDKShareKit.framework in Frameworks */ = {isa = PBXBuildFile; fileRef = 5F9FB0881E150EDE00E984AB /* FBSDKShareKit.framework */; };
		8059FF201E41AEE800B013B3 /* StageExpandTableViewController.swift in Sources */ = {isa = PBXBuildFile; fileRef = 8059FF1F1E41AEE800B013B3 /* StageExpandTableViewController.swift */; };
		8059FF221E41B1F800B013B3 /* StageExpandableCell.swift in Sources */ = {isa = PBXBuildFile; fileRef = 8059FF211E41B1F800B013B3 /* StageExpandableCell.swift */; };
		8059FF241E41B24800B013B3 /* StageExpandableCoreDataTableViewController.swift in Sources */ = {isa = PBXBuildFile; fileRef = 8059FF231E41B24800B013B3 /* StageExpandableCoreDataTableViewController.swift */; };
		807FF6461E21438200A9CA08 /* EventsTableViewController.swift in Sources */ = {isa = PBXBuildFile; fileRef = 807FF6451E21438200A9CA08 /* EventsTableViewController.swift */; };
		808B67FC1E2DEBC700AAB37A /* CapsuleUILabel.swift in Sources */ = {isa = PBXBuildFile; fileRef = 808B67FB1E2DEBC700AAB37A /* CapsuleUILabel.swift */; };
		80BFD4D21E27ED6F00491730 /* StageCell.swift in Sources */ = {isa = PBXBuildFile; fileRef = 80BFD4D11E27ED6F00491730 /* StageCell.swift */; };
		80BFD4D41E27ED8300491730 /* EventFeedCell.swift in Sources */ = {isa = PBXBuildFile; fileRef = 80BFD4D31E27ED8300491730 /* EventFeedCell.swift */; };
		80BFD4D61E27EDA300491730 /* MainCoreDataTableViewController.swift in Sources */ = {isa = PBXBuildFile; fileRef = 80BFD4D51E27EDA300491730 /* MainCoreDataTableViewController.swift */; };
		80D103241E54AF55004F8998 /* EventsController.swift in Sources */ = {isa = PBXBuildFile; fileRef = 80D103231E54AF55004F8998 /* EventsController.swift */; };
		80D6586D1E1EB1A0009720AF /* EventTableViewCell.swift in Sources */ = {isa = PBXBuildFile; fileRef = 80D6586C1E1EB1A0009720AF /* EventTableViewCell.swift */; };
		80D6586F1E1EB1DB009720AF /* CoreDataTableViewController.swift in Sources */ = {isa = PBXBuildFile; fileRef = 80D6586E1E1EB1DB009720AF /* CoreDataTableViewController.swift */; };
		80DC94251E366B5200A1D01A /* RoundData+CoreDataClass.swift in Sources */ = {isa = PBXBuildFile; fileRef = 80DC94191E366B5200A1D01A /* RoundData+CoreDataClass.swift */; };
		80DC94261E366B5200A1D01A /* RoundData+CoreDataProperties.swift in Sources */ = {isa = PBXBuildFile; fileRef = 80DC941A1E366B5200A1D01A /* RoundData+CoreDataProperties.swift */; };
		80DC94271E366B5200A1D01A /* ActivityData+CoreDataClass.swift in Sources */ = {isa = PBXBuildFile; fileRef = 80DC941B1E366B5200A1D01A /* ActivityData+CoreDataClass.swift */; };
		80DC94281E366B5200A1D01A /* ActivityData+CoreDataProperties.swift in Sources */ = {isa = PBXBuildFile; fileRef = 80DC941C1E366B5200A1D01A /* ActivityData+CoreDataProperties.swift */; };
		80DC94291E366B5300A1D01A /* ImageData+CoreDataClass.swift in Sources */ = {isa = PBXBuildFile; fileRef = 80DC941D1E366B5200A1D01A /* ImageData+CoreDataClass.swift */; };
		80DC942A1E366B5300A1D01A /* ImageData+CoreDataProperties.swift in Sources */ = {isa = PBXBuildFile; fileRef = 80DC941E1E366B5200A1D01A /* ImageData+CoreDataProperties.swift */; };
		80DC942B1E366B5300A1D01A /* TagData+CoreDataClass.swift in Sources */ = {isa = PBXBuildFile; fileRef = 80DC941F1E366B5200A1D01A /* TagData+CoreDataClass.swift */; };
		80DC942C1E366B5300A1D01A /* TagData+CoreDataProperties.swift in Sources */ = {isa = PBXBuildFile; fileRef = 80DC94201E366B5200A1D01A /* TagData+CoreDataProperties.swift */; };
		80DC942D1E366B5300A1D01A /* VideoData+CoreDataClass.swift in Sources */ = {isa = PBXBuildFile; fileRef = 80DC94211E366B5200A1D01A /* VideoData+CoreDataClass.swift */; };
		80DC942E1E366B5300A1D01A /* VideoData+CoreDataProperties.swift in Sources */ = {isa = PBXBuildFile; fileRef = 80DC94221E366B5200A1D01A /* VideoData+CoreDataProperties.swift */; };
		80E2AE751E58C3A6003E2148 /* fourthAsset.xcassets in Resources */ = {isa = PBXBuildFile; fileRef = 80E2AE741E58C3A6003E2148 /* fourthAsset.xcassets */; };
		931613E21E4F6FC900298127 /* HeaderMeTableViewCell.swift in Sources */ = {isa = PBXBuildFile; fileRef = 931613E11E4F6FC900298127 /* HeaderMeTableViewCell.swift */; };
		931613E41E4F706B00298127 /* FeedMeTableViewCell.swift in Sources */ = {isa = PBXBuildFile; fileRef = 931613E31E4F706B00298127 /* FeedMeTableViewCell.swift */; };
		931613E81E4F713400298127 /* FavViewController.swift in Sources */ = {isa = PBXBuildFile; fileRef = 931613E71E4F713400298127 /* FavViewController.swift */; };
		931613EA1E4F8F8600298127 /* FAQViewController.swift in Sources */ = {isa = PBXBuildFile; fileRef = 931613E91E4F8F8600298127 /* FAQViewController.swift */; };
		931613EC1E4F910D00298127 /* FAQTableViewCell.swift in Sources */ = {isa = PBXBuildFile; fileRef = 931613EB1E4F910D00298127 /* FAQTableViewCell.swift */; };
		93753C071E5623290048DD6B /* AboutViewController.swift in Sources */ = {isa = PBXBuildFile; fileRef = 93753C061E5623290048DD6B /* AboutViewController.swift */; };
/* End PBXBuildFile section */

/* Begin PBXFileReference section */
		16D581782F48D50A19FC5C8E /* Pods-Chula Expo 2017.debug.xcconfig */ = {isa = PBXFileReference; includeInIndex = 1; lastKnownFileType = text.xcconfig; name = "Pods-Chula Expo 2017.debug.xcconfig"; path = "Pods/Target Support Files/Pods-Chula Expo 2017/Pods-Chula Expo 2017.debug.xcconfig"; sourceTree = "<group>"; };
		581940CE1E446395000C566C /* Search.storyboard */ = {isa = PBXFileReference; fileEncoding = 4; lastKnownFileType = file.storyboard; path = Search.storyboard; sourceTree = "<group>"; };
		581940D01E4463AB000C566C /* SearchViewController.swift */ = {isa = PBXFileReference; fileEncoding = 4; lastKnownFileType = sourcecode.swift; path = SearchViewController.swift; sourceTree = "<group>"; };
		581940D21E4473E0000C566C /* HeaderSearchTableViewCell.swift */ = {isa = PBXFileReference; fileEncoding = 4; lastKnownFileType = sourcecode.swift; path = HeaderSearchTableViewCell.swift; sourceTree = "<group>"; };
		581940D41E44783A000C566C /* MapSearchTableViewCell.swift */ = {isa = PBXFileReference; fileEncoding = 4; lastKnownFileType = sourcecode.swift; path = MapSearchTableViewCell.swift; sourceTree = "<group>"; };
		581940D61E44A072000C566C /* EventfeedTableViewCell.swift */ = {isa = PBXFileReference; fileEncoding = 4; lastKnownFileType = sourcecode.swift; path = EventfeedTableViewCell.swift; sourceTree = "<group>"; };
		581940D81E4516BF000C566C /* interestViewController.swift */ = {isa = PBXFileReference; fileEncoding = 4; lastKnownFileType = sourcecode.swift; path = interestViewController.swift; sourceTree = "<group>"; };
		581940DA1E467A99000C566C /* interestFacityViewController.swift */ = {isa = PBXFileReference; fileEncoding = 4; lastKnownFileType = sourcecode.swift; path = interestFacityViewController.swift; sourceTree = "<group>"; };
		58611AA71E2B598F00B0BFDA /* FourthHeadTableViewCell.swift */ = {isa = PBXFileReference; fileEncoding = 4; lastKnownFileType = sourcecode.swift; name = FourthHeadTableViewCell.swift; path = Fourth_more/FourthHeadTableViewCell.swift; sourceTree = "<group>"; };
		58611AA91E2B5A3600B0BFDA /* FourthMenuTableViewCell.swift */ = {isa = PBXFileReference; fileEncoding = 4; lastKnownFileType = sourcecode.swift; name = FourthMenuTableViewCell.swift; path = Fourth_more/FourthMenuTableViewCell.swift; sourceTree = "<group>"; };
		58611AAB1E2B853100B0BFDA /* CustomHeaderCell.swift */ = {isa = PBXFileReference; fileEncoding = 4; lastKnownFileType = sourcecode.swift; path = CustomHeaderCell.swift; sourceTree = "<group>"; };
		58BD39441E4C4DFA00218B52 /* MeViewController.swift */ = {isa = PBXFileReference; fileEncoding = 4; lastKnownFileType = sourcecode.swift; path = MeViewController.swift; sourceTree = "<group>"; };
		5ADF032F16A51057C2FA9709 /* Pods-Chula Expo 2017.release.xcconfig */ = {isa = PBXFileReference; includeInIndex = 1; lastKnownFileType = text.xcconfig; name = "Pods-Chula Expo 2017.release.xcconfig"; path = "Pods/Target Support Files/Pods-Chula Expo 2017/Pods-Chula Expo 2017.release.xcconfig"; sourceTree = "<group>"; };
		5F07EDC01E2B48420017ECD5 /* UserController.swift */ = {isa = PBXFileReference; fileEncoding = 4; lastKnownFileType = sourcecode.swift; path = UserController.swift; sourceTree = "<group>"; };
		5F07EDC31E2B64D50017ECD5 /* Base */ = {isa = PBXFileReference; lastKnownFileType = file.storyboard; name = Base; path = Base.lproj/EventDetails.storyboard; sourceTree = "<group>"; };
		5F07EDCC1E2B84980017ECD5 /* ImageTableViewCell.swift */ = {isa = PBXFileReference; fileEncoding = 4; lastKnownFileType = sourcecode.swift; name = ImageTableViewCell.swift; path = Modal_EventDetails/ImageTableViewCell.swift; sourceTree = "<group>"; };
		5F07EDD41E2BBB950017ECD5 /* EventDetailsTableViewController.swift */ = {isa = PBXFileReference; fileEncoding = 4; lastKnownFileType = sourcecode.swift; name = EventDetailsTableViewController.swift; path = Modal_EventDetails/EventDetailsTableViewController.swift; sourceTree = "<group>"; };
		5F07EDDC1E2CD5DA0017ECD5 /* DescTableViewCell.swift */ = {isa = PBXFileReference; fileEncoding = 4; lastKnownFileType = sourcecode.swift; name = DescTableViewCell.swift; path = Modal_EventDetails/DescTableViewCell.swift; sourceTree = "<group>"; };
		5F0E92E01E48D8A100D5513B /* Alamofire.framework */ = {isa = PBXFileReference; lastKnownFileType = wrapper.framework; name = Alamofire.framework; path = "DerivedData/Chula Expo 2017/Build/Products/Debug-iphonesimulator/Alamofire/Alamofire.framework"; sourceTree = SOURCE_ROOT; };
		5F18D57C1E14E53300EF81E6 /* LoginViewController.swift */ = {isa = PBXFileReference; fileEncoding = 4; lastKnownFileType = sourcecode.swift; name = LoginViewController.swift; path = Main_LoginAndRegistration/LoginViewController.swift; sourceTree = "<group>"; };
		5F202CDE1E321F4E00AEAF1C /* SukhumvitSet.ttc */ = {isa = PBXFileReference; lastKnownFileType = file; path = SukhumvitSet.ttc; sourceTree = "<group>"; };
		5F23F3901E2273B300ACA6A7 /* FirstViewController.swift */ = {isa = PBXFileReference; fileEncoding = 4; lastKnownFileType = sourcecode.swift; name = FirstViewController.swift; path = First_home/FirstViewController.swift; sourceTree = "<group>"; };
		5F25B2301E10E006008A3B11 /* SecondViewController.swift */ = {isa = PBXFileReference; fileEncoding = 4; lastKnownFileType = sourcecode.swift; name = SecondViewController.swift; path = Second_map/SecondViewController.swift; sourceTree = "<group>"; };
		5F25B2321E10E018008A3B11 /* ThirdViewController.swift */ = {isa = PBXFileReference; fileEncoding = 4; lastKnownFileType = sourcecode.swift; name = ThirdViewController.swift; path = Third_events/ThirdViewController.swift; sourceTree = "<group>"; };
		5F25B2341E10E027008A3B11 /* FourthViewController.swift */ = {isa = PBXFileReference; fileEncoding = 4; lastKnownFileType = sourcecode.swift; name = FourthViewController.swift; path = Fourth_more/FourthViewController.swift; sourceTree = "<group>"; };
		5F2D9EC81E4CE2A100818474 /* RoomData+CoreDataClass.swift */ = {isa = PBXFileReference; fileEncoding = 4; lastKnownFileType = sourcecode.swift; name = "RoomData+CoreDataClass.swift"; path = "Chula Expo 2017/CoreData/RoomData+CoreDataClass.swift"; sourceTree = "<group>"; };
		5F2D9EC91E4CE2A100818474 /* RoomData+CoreDataProperties.swift */ = {isa = PBXFileReference; fileEncoding = 4; lastKnownFileType = sourcecode.swift; name = "RoomData+CoreDataProperties.swift"; path = "Chula Expo 2017/CoreData/RoomData+CoreDataProperties.swift"; sourceTree = "<group>"; };
		5F2D9ECA1E4CE2A100818474 /* ZoneData+CoreDataClass.swift */ = {isa = PBXFileReference; fileEncoding = 4; lastKnownFileType = sourcecode.swift; name = "ZoneData+CoreDataClass.swift"; path = "Chula Expo 2017/CoreData/ZoneData+CoreDataClass.swift"; sourceTree = "<group>"; };
		5F2D9ECB1E4CE2A100818474 /* ZoneData+CoreDataProperties.swift */ = {isa = PBXFileReference; fileEncoding = 4; lastKnownFileType = sourcecode.swift; name = "ZoneData+CoreDataProperties.swift"; path = "Chula Expo 2017/CoreData/ZoneData+CoreDataProperties.swift"; sourceTree = "<group>"; };
		5F2D9ECC1E4CE2A100818474 /* PlaceData+CoreDataClass.swift */ = {isa = PBXFileReference; fileEncoding = 4; lastKnownFileType = sourcecode.swift; name = "PlaceData+CoreDataClass.swift"; path = "Chula Expo 2017/CoreData/PlaceData+CoreDataClass.swift"; sourceTree = "<group>"; };
		5F2D9ECD1E4CE2A100818474 /* PlaceData+CoreDataProperties.swift */ = {isa = PBXFileReference; fileEncoding = 4; lastKnownFileType = sourcecode.swift; name = "PlaceData+CoreDataProperties.swift"; path = "Chula Expo 2017/CoreData/PlaceData+CoreDataProperties.swift"; sourceTree = "<group>"; };
		5F307C8B1E26893300DEF3B0 /* QRViewController.swift */ = {isa = PBXFileReference; fileEncoding = 4; lastKnownFileType = sourcecode.swift; name = QRViewController.swift; path = Modal_QR/QRViewController.swift; sourceTree = "<group>"; };
		5F307C8E1E26AF0000DEF3B0 /* Base */ = {isa = PBXFileReference; lastKnownFileType = file.storyboard; name = Base; path = Base.lproj/QRCode.storyboard; sourceTree = "<group>"; };
		5F4A9D8E1E10300900713580 /* Chula Expo 2017.app */ = {isa = PBXFileReference; explicitFileType = wrapper.application; includeInIndex = 0; path = "Chula Expo 2017.app"; sourceTree = BUILT_PRODUCTS_DIR; };
		5F4A9D911E10300900713580 /* AppDelegate.swift */ = {isa = PBXFileReference; lastKnownFileType = sourcecode.swift; path = AppDelegate.swift; sourceTree = "<group>"; };
		5F4A9D961E10300900713580 /* Base */ = {isa = PBXFileReference; lastKnownFileType = file.storyboard; name = Base; path = Base.lproj/Main.storyboard; sourceTree = "<group>"; };
		5F4A9D9B1E10300900713580 /* Assets.xcassets */ = {isa = PBXFileReference; lastKnownFileType = folder.assetcatalog; path = Assets.xcassets; sourceTree = "<group>"; };
		5F4A9D9E1E10300900713580 /* Base */ = {isa = PBXFileReference; lastKnownFileType = file.storyboard; name = Base; path = Base.lproj/LaunchScreen.storyboard; sourceTree = "<group>"; };
		5F4A9DA01E10300900713580 /* Info.plist */ = {isa = PBXFileReference; lastKnownFileType = text.plist.xml; path = Info.plist; sourceTree = "<group>"; };
		5F4ED17C1E43082F008F3A19 /* TagTableViewCell.swift */ = {isa = PBXFileReference; fileEncoding = 4; lastKnownFileType = sourcecode.swift; name = TagTableViewCell.swift; path = Modal_EventDetails/TagTableViewCell.swift; sourceTree = "<group>"; };
		5F5C7D421E10DC6A00C9D0F2 /* Base */ = {isa = PBXFileReference; lastKnownFileType = file.storyboard; name = Base; path = Base.lproj/First.storyboard; sourceTree = "<group>"; };
		5F5C7D4A1E10DD9D00C9D0F2 /* Base */ = {isa = PBXFileReference; lastKnownFileType = file.storyboard; name = Base; path = Base.lproj/Second.storyboard; sourceTree = "<group>"; };
		5F5C7D4D1E10DDCC00C9D0F2 /* Base */ = {isa = PBXFileReference; lastKnownFileType = file.storyboard; name = Base; path = Base.lproj/Third.storyboard; sourceTree = "<group>"; };
		5F5C7D501E10DE1500C9D0F2 /* Base */ = {isa = PBXFileReference; lastKnownFileType = file.storyboard; name = Base; path = Base.lproj/Fourth.storyboard; sourceTree = "<group>"; };
		5F663B271E597C01006F2568 /* FacilityData+CoreDataClass.swift */ = {isa = PBXFileReference; fileEncoding = 4; lastKnownFileType = sourcecode.swift; name = "FacilityData+CoreDataClass.swift"; path = "Chula Expo 2017/CoreData/FacilityData+CoreDataClass.swift"; sourceTree = "<group>"; };
		5F663B281E597C01006F2568 /* FacilityData+CoreDataProperties.swift */ = {isa = PBXFileReference; fileEncoding = 4; lastKnownFileType = sourcecode.swift; name = "FacilityData+CoreDataProperties.swift"; path = "Chula Expo 2017/CoreData/FacilityData+CoreDataProperties.swift"; sourceTree = "<group>"; };
		5F6F34B81E2F7EFE0090F378 /* SlideshowFrameViewController.swift */ = {isa = PBXFileReference; fileEncoding = 4; lastKnownFileType = sourcecode.swift; name = SlideshowFrameViewController.swift; path = First_home/SlideshowFrameViewController.swift; sourceTree = "<group>"; };
		5F6F34BC1E2F99D00090F378 /* SlideshowPageViewController.swift */ = {isa = PBXFileReference; fileEncoding = 4; lastKnownFileType = sourcecode.swift; name = SlideshowPageViewController.swift; path = First_home/SlideshowPageViewController.swift; sourceTree = "<group>"; };
		5F7A1F211E2E0B2900349134 /* GalleryViewController.swift */ = {isa = PBXFileReference; fileEncoding = 4; lastKnownFileType = sourcecode.swift; name = GalleryViewController.swift; path = Modal_EventDetails/GalleryViewController.swift; sourceTree = "<group>"; };
		5F7A1F231E2E10CE00349134 /* ImageFrameViewController.swift */ = {isa = PBXFileReference; fileEncoding = 4; lastKnownFileType = sourcecode.swift; name = ImageFrameViewController.swift; path = Modal_EventDetails/ImageFrameViewController.swift; sourceTree = "<group>"; };
		5F7A296C1E44B4AF00BC3CA6 /* FavoriteViewController.swift */ = {isa = PBXFileReference; fileEncoding = 4; lastKnownFileType = sourcecode.swift; name = FavoriteViewController.swift; path = Modal_EventDetails/FavoriteViewController.swift; sourceTree = "<group>"; };
		5F7E8E831E424A6400241904 /* MapTableViewCell.swift */ = {isa = PBXFileReference; fileEncoding = 4; lastKnownFileType = sourcecode.swift; name = MapTableViewCell.swift; path = Modal_EventDetails/MapTableViewCell.swift; sourceTree = "<group>"; };
		5F9FB0811E1508C000E984AB /* Chula Expo 2017.entitlements */ = {isa = PBXFileReference; lastKnownFileType = text.plist.entitlements; path = "Chula Expo 2017.entitlements"; sourceTree = "<group>"; };
		5F9FB0851E150EDE00E984AB /* Bolts.framework */ = {isa = PBXFileReference; lastKnownFileType = wrapper.framework; path = Bolts.framework; sourceTree = "<group>"; };
		5F9FB0861E150EDE00E984AB /* FBSDKCoreKit.framework */ = {isa = PBXFileReference; lastKnownFileType = wrapper.framework; path = FBSDKCoreKit.framework; sourceTree = "<group>"; };
		5F9FB0871E150EDE00E984AB /* FBSDKLoginKit.framework */ = {isa = PBXFileReference; lastKnownFileType = wrapper.framework; path = FBSDKLoginKit.framework; sourceTree = "<group>"; };
		5F9FB0881E150EDE00E984AB /* FBSDKShareKit.framework */ = {isa = PBXFileReference; lastKnownFileType = wrapper.framework; path = FBSDKShareKit.framework; sourceTree = "<group>"; };
		5FA88E571E420CF2004E7F12 /* DocumentTableViewCell.swift */ = {isa = PBXFileReference; fileEncoding = 4; lastKnownFileType = sourcecode.swift; name = DocumentTableViewCell.swift; path = Modal_EventDetails/DocumentTableViewCell.swift; sourceTree = "<group>"; };
		5FB054581E23CEEF00428428 /* TagController.swift */ = {isa = PBXFileReference; fileEncoding = 4; lastKnownFileType = sourcecode.swift; name = TagController.swift; path = First_home/TagController.swift; sourceTree = "<group>"; };
		5FCE0A771E10E4B400E5DB16 /* RegisterViewController2.swift */ = {isa = PBXFileReference; fileEncoding = 4; lastKnownFileType = sourcecode.swift; name = RegisterViewController2.swift; path = Main_LoginAndRegistration/RegisterViewController2.swift; sourceTree = "<group>"; };
		5FD451501E521A2400291CE5 /* FavoritedActivity+CoreDataClass.swift */ = {isa = PBXFileReference; fileEncoding = 4; lastKnownFileType = sourcecode.swift; name = "FavoritedActivity+CoreDataClass.swift"; path = "Chula Expo 2017/CoreData/FavoritedActivity+CoreDataClass.swift"; sourceTree = "<group>"; };
		5FD451511E521A2400291CE5 /* FavoritedActivity+CoreDataProperties.swift */ = {isa = PBXFileReference; fileEncoding = 4; lastKnownFileType = sourcecode.swift; name = "FavoritedActivity+CoreDataProperties.swift"; path = "Chula Expo 2017/CoreData/FavoritedActivity+CoreDataProperties.swift"; sourceTree = "<group>"; };
		5FDC57B51E47485800B452E7 /* UserTypeViewController.swift */ = {isa = PBXFileReference; fileEncoding = 4; lastKnownFileType = sourcecode.swift; name = UserTypeViewController.swift; path = Main_LoginAndRegistration/UserTypeViewController.swift; sourceTree = "<group>"; };
		5FDC57B71E475AE300B452E7 /* RegisterViewController.swift */ = {isa = PBXFileReference; fileEncoding = 4; lastKnownFileType = sourcecode.swift; name = RegisterViewController.swift; path = Main_LoginAndRegistration/RegisterViewController.swift; sourceTree = "<group>"; };
		5FF51A591E40A802000DF788 /* EventHeaderTableViewCell.swift */ = {isa = PBXFileReference; fileEncoding = 4; lastKnownFileType = sourcecode.swift; name = EventHeaderTableViewCell.swift; path = Modal_EventDetails/EventHeaderTableViewCell.swift; sourceTree = "<group>"; };
		5FF51A5B1E40AF51000DF788 /* EventDetailTableViewController.swift */ = {isa = PBXFileReference; fileEncoding = 4; lastKnownFileType = sourcecode.swift; name = EventDetailTableViewController.swift; path = Modal_EventDetails/EventDetailTableViewController.swift; sourceTree = "<group>"; };
		5FF7C0E11E2D2142002D6DBD /* GalleryTableViewCell.swift */ = {isa = PBXFileReference; fileEncoding = 4; lastKnownFileType = sourcecode.swift; name = GalleryTableViewCell.swift; path = Modal_EventDetails/GalleryTableViewCell.swift; sourceTree = "<group>"; };
		8000A53F1E3785A000AED5EF /* TableHeaderView.swift */ = {isa = PBXFileReference; fileEncoding = 4; lastKnownFileType = sourcecode.swift; name = TableHeaderView.swift; path = First_home/TableHeaderView.swift; sourceTree = "<group>"; };
		800641D71E215A7F00760834 /* Model.xcdatamodel */ = {isa = PBXFileReference; lastKnownFileType = wrapper.xcdatamodel; path = Model.xcdatamodel; sourceTree = "<group>"; };
		800641D91E215BAC00760834 /* EventData+CoreDataClass.swift */ = {isa = PBXFileReference; fileEncoding = 4; lastKnownFileType = sourcecode.swift; name = "EventData+CoreDataClass.swift"; path = "Third_events/CoreData/EventData+CoreDataClass.swift"; sourceTree = "<group>"; };
		800641DA1E215BAC00760834 /* EventData+CoreDataProperties.swift */ = {isa = PBXFileReference; fileEncoding = 4; lastKnownFileType = sourcecode.swift; name = "EventData+CoreDataProperties.swift"; path = "Third_events/CoreData/EventData+CoreDataProperties.swift"; sourceTree = "<group>"; };
		80073CDD1E1E32AF00C1F64E /* FacityTableViewCell.swift */ = {isa = PBXFileReference; fileEncoding = 4; lastKnownFileType = sourcecode.swift; name = FacityTableViewCell.swift; path = Third_events/FacityTableViewCell.swift; sourceTree = "<group>"; };
		800D583E1E40A4C900E854E8 /* InterestCollectionViewCell.swift */ = {isa = PBXFileReference; fileEncoding = 4; lastKnownFileType = sourcecode.swift; name = InterestCollectionViewCell.swift; path = Main_LoginAndRegistration/InterestCollectionViewCell.swift; sourceTree = "<group>"; };
		800D58401E40A4ED00E854E8 /* interestCollectionViewCell1.swift */ = {isa = PBXFileReference; fileEncoding = 4; lastKnownFileType = sourcecode.swift; name = interestCollectionViewCell1.swift; path = Main_LoginAndRegistration/interestCollectionViewCell1.swift; sourceTree = "<group>"; };
		800E2A181E1E2B3D00677A54 /* FacityTableViewController.swift */ = {isa = PBXFileReference; fileEncoding = 4; lastKnownFileType = sourcecode.swift; name = FacityTableViewController.swift; path = Third_events/FacityTableViewController.swift; sourceTree = "<group>"; };
		802368F01E262F1000ECF9EF /* UserData+CoreDataClass.swift */ = {isa = PBXFileReference; fileEncoding = 4; lastKnownFileType = sourcecode.swift; name = "UserData+CoreDataClass.swift"; path = "../UserData+CoreDataClass.swift"; sourceTree = "<group>"; };
		802368F11E262F1000ECF9EF /* UserData+CoreDataProperties.swift */ = {isa = PBXFileReference; fileEncoding = 4; lastKnownFileType = sourcecode.swift; name = "UserData+CoreDataProperties.swift"; path = "../UserData+CoreDataProperties.swift"; sourceTree = "<group>"; };
		802F13B21E23FC240098A687 /* BookTableViewCell.swift */ = {isa = PBXFileReference; fileEncoding = 4; lastKnownFileType = sourcecode.swift; name = BookTableViewCell.swift; path = Third_events/BookTableViewCell.swift; sourceTree = "<group>"; };
		802F979D1E4AD01900B83976 /* CityLayout.swift */ = {isa = PBXFileReference; fileEncoding = 4; lastKnownFileType = sourcecode.swift; path = CityLayout.swift; sourceTree = "<group>"; };
		80314F3A1E4A1CDD003DB96A /* EventSelectViewController.swift */ = {isa = PBXFileReference; fileEncoding = 4; lastKnownFileType = sourcecode.swift; path = EventSelectViewController.swift; sourceTree = "<group>"; };
		80314F3C1E4A1D61003DB96A /* CollectionViewController.swift */ = {isa = PBXFileReference; fileEncoding = 4; lastKnownFileType = sourcecode.swift; path = CollectionViewController.swift; sourceTree = "<group>"; };
		80314F3E1E4A2F0D003DB96A /* CityCollectionViewCell.swift */ = {isa = PBXFileReference; fileEncoding = 4; lastKnownFileType = sourcecode.swift; path = CityCollectionViewCell.swift; sourceTree = "<group>"; };
		80314F401E4A2F1E003DB96A /* FacultyCollectionViewCell.swift */ = {isa = PBXFileReference; fileEncoding = 4; lastKnownFileType = sourcecode.swift; path = FacultyCollectionViewCell.swift; sourceTree = "<group>"; };
		80314F461E4A3532003DB96A /* InterCollectionViewCell.swift */ = {isa = PBXFileReference; fileEncoding = 4; lastKnownFileType = sourcecode.swift; name = InterCollectionViewCell.swift; path = ../InterCollectionViewCell.swift; sourceTree = "<group>"; };
		80320A841E4F10A200278CCC /* EventAsset.xcassets */ = {isa = PBXFileReference; lastKnownFileType = folder.assetcatalog; name = EventAsset.xcassets; path = Third_events/EventAsset.xcassets; sourceTree = "<group>"; };
		803688AA1E42595300C1FB58 /* StageDetailCell.swift */ = {isa = PBXFileReference; fileEncoding = 4; lastKnownFileType = sourcecode.swift; name = StageDetailCell.swift; path = First_home/StageEvent/StageDetailCell.swift; sourceTree = "<group>"; };
		803C5DFC1E37B66A00079A97 /* HeaderTableViewCell.swift */ = {isa = PBXFileReference; fileEncoding = 4; lastKnownFileType = sourcecode.swift; name = HeaderTableViewCell.swift; path = First_home/HeaderTableViewCell.swift; sourceTree = "<group>"; };
		80403F351E5DECDB009C1937 /* InterestBG.xcassets */ = {isa = PBXFileReference; lastKnownFileType = folder.assetcatalog; path = InterestBG.xcassets; sourceTree = "<group>"; };
		8059FF1F1E41AEE800B013B3 /* StageExpandTableViewController.swift */ = {isa = PBXFileReference; fileEncoding = 4; lastKnownFileType = sourcecode.swift; name = StageExpandTableViewController.swift; path = First_home/StageEvent/StageExpandTableViewController.swift; sourceTree = "<group>"; };
		8059FF211E41B1F800B013B3 /* StageExpandableCell.swift */ = {isa = PBXFileReference; fileEncoding = 4; lastKnownFileType = sourcecode.swift; name = StageExpandableCell.swift; path = First_home/StageEvent/StageExpandableCell.swift; sourceTree = "<group>"; };
		8059FF231E41B24800B013B3 /* StageExpandableCoreDataTableViewController.swift */ = {isa = PBXFileReference; fileEncoding = 4; lastKnownFileType = sourcecode.swift; name = StageExpandableCoreDataTableViewController.swift; path = First_home/StageEvent/StageExpandableCoreDataTableViewController.swift; sourceTree = "<group>"; };
		807FF6451E21438200A9CA08 /* EventsTableViewController.swift */ = {isa = PBXFileReference; fileEncoding = 4; lastKnownFileType = sourcecode.swift; name = EventsTableViewController.swift; path = Third_events/EventsTableViewController.swift; sourceTree = "<group>"; };
		808B67FB1E2DEBC700AAB37A /* CapsuleUILabel.swift */ = {isa = PBXFileReference; fileEncoding = 4; lastKnownFileType = sourcecode.swift; name = CapsuleUILabel.swift; path = First_home/CapsuleUILabel.swift; sourceTree = "<group>"; };
		80BFD4D11E27ED6F00491730 /* StageCell.swift */ = {isa = PBXFileReference; fileEncoding = 4; lastKnownFileType = sourcecode.swift; name = StageCell.swift; path = First_home/StageCell.swift; sourceTree = "<group>"; };
		80BFD4D31E27ED8300491730 /* EventFeedCell.swift */ = {isa = PBXFileReference; fileEncoding = 4; lastKnownFileType = sourcecode.swift; name = EventFeedCell.swift; path = First_home/EventFeedCell.swift; sourceTree = "<group>"; };
		80BFD4D51E27EDA300491730 /* MainCoreDataTableViewController.swift */ = {isa = PBXFileReference; fileEncoding = 4; lastKnownFileType = sourcecode.swift; name = MainCoreDataTableViewController.swift; path = First_home/CoreData/MainCoreDataTableViewController.swift; sourceTree = "<group>"; };
		80D103231E54AF55004F8998 /* EventsController.swift */ = {isa = PBXFileReference; fileEncoding = 4; lastKnownFileType = sourcecode.swift; path = EventsController.swift; sourceTree = "<group>"; };
		80D6586C1E1EB1A0009720AF /* EventTableViewCell.swift */ = {isa = PBXFileReference; fileEncoding = 4; lastKnownFileType = sourcecode.swift; name = EventTableViewCell.swift; path = Third_events/EventTableViewCell.swift; sourceTree = "<group>"; };
		80D6586E1E1EB1DB009720AF /* CoreDataTableViewController.swift */ = {isa = PBXFileReference; fileEncoding = 4; lastKnownFileType = sourcecode.swift; name = CoreDataTableViewController.swift; path = Third_events/CoreData/CoreDataTableViewController.swift; sourceTree = "<group>"; };
		80DC94191E366B5200A1D01A /* RoundData+CoreDataClass.swift */ = {isa = PBXFileReference; fileEncoding = 4; lastKnownFileType = sourcecode.swift; name = "RoundData+CoreDataClass.swift"; path = "Chula Expo 2017/CoreData/RoundData+CoreDataClass.swift"; sourceTree = "<group>"; };
		80DC941A1E366B5200A1D01A /* RoundData+CoreDataProperties.swift */ = {isa = PBXFileReference; fileEncoding = 4; lastKnownFileType = sourcecode.swift; name = "RoundData+CoreDataProperties.swift"; path = "Chula Expo 2017/CoreData/RoundData+CoreDataProperties.swift"; sourceTree = "<group>"; };
		80DC941B1E366B5200A1D01A /* ActivityData+CoreDataClass.swift */ = {isa = PBXFileReference; fileEncoding = 4; lastKnownFileType = sourcecode.swift; name = "ActivityData+CoreDataClass.swift"; path = "Chula Expo 2017/CoreData/ActivityData+CoreDataClass.swift"; sourceTree = "<group>"; };
		80DC941C1E366B5200A1D01A /* ActivityData+CoreDataProperties.swift */ = {isa = PBXFileReference; fileEncoding = 4; lastKnownFileType = sourcecode.swift; name = "ActivityData+CoreDataProperties.swift"; path = "Chula Expo 2017/CoreData/ActivityData+CoreDataProperties.swift"; sourceTree = "<group>"; };
		80DC941D1E366B5200A1D01A /* ImageData+CoreDataClass.swift */ = {isa = PBXFileReference; fileEncoding = 4; lastKnownFileType = sourcecode.swift; name = "ImageData+CoreDataClass.swift"; path = "Chula Expo 2017/CoreData/ImageData+CoreDataClass.swift"; sourceTree = "<group>"; };
		80DC941E1E366B5200A1D01A /* ImageData+CoreDataProperties.swift */ = {isa = PBXFileReference; fileEncoding = 4; lastKnownFileType = sourcecode.swift; name = "ImageData+CoreDataProperties.swift"; path = "Chula Expo 2017/CoreData/ImageData+CoreDataProperties.swift"; sourceTree = "<group>"; };
		80DC941F1E366B5200A1D01A /* TagData+CoreDataClass.swift */ = {isa = PBXFileReference; fileEncoding = 4; lastKnownFileType = sourcecode.swift; name = "TagData+CoreDataClass.swift"; path = "Chula Expo 2017/CoreData/TagData+CoreDataClass.swift"; sourceTree = "<group>"; };
		80DC94201E366B5200A1D01A /* TagData+CoreDataProperties.swift */ = {isa = PBXFileReference; fileEncoding = 4; lastKnownFileType = sourcecode.swift; name = "TagData+CoreDataProperties.swift"; path = "Chula Expo 2017/CoreData/TagData+CoreDataProperties.swift"; sourceTree = "<group>"; };
		80DC94211E366B5200A1D01A /* VideoData+CoreDataClass.swift */ = {isa = PBXFileReference; fileEncoding = 4; lastKnownFileType = sourcecode.swift; name = "VideoData+CoreDataClass.swift"; path = "Chula Expo 2017/CoreData/VideoData+CoreDataClass.swift"; sourceTree = "<group>"; };
		80DC94221E366B5200A1D01A /* VideoData+CoreDataProperties.swift */ = {isa = PBXFileReference; fileEncoding = 4; lastKnownFileType = sourcecode.swift; name = "VideoData+CoreDataProperties.swift"; path = "Chula Expo 2017/CoreData/VideoData+CoreDataProperties.swift"; sourceTree = "<group>"; };
		80E2AE741E58C3A6003E2148 /* fourthAsset.xcassets */ = {isa = PBXFileReference; lastKnownFileType = folder.assetcatalog; path = fourthAsset.xcassets; sourceTree = "<group>"; };
		931613E11E4F6FC900298127 /* HeaderMeTableViewCell.swift */ = {isa = PBXFileReference; fileEncoding = 4; lastKnownFileType = sourcecode.swift; path = HeaderMeTableViewCell.swift; sourceTree = "<group>"; };
		931613E31E4F706B00298127 /* FeedMeTableViewCell.swift */ = {isa = PBXFileReference; fileEncoding = 4; lastKnownFileType = sourcecode.swift; path = FeedMeTableViewCell.swift; sourceTree = "<group>"; };
		931613E71E4F713400298127 /* FavViewController.swift */ = {isa = PBXFileReference; fileEncoding = 4; lastKnownFileType = sourcecode.swift; path = FavViewController.swift; sourceTree = "<group>"; };
		931613E91E4F8F8600298127 /* FAQViewController.swift */ = {isa = PBXFileReference; fileEncoding = 4; lastKnownFileType = sourcecode.swift; path = FAQViewController.swift; sourceTree = "<group>"; };
		931613EB1E4F910D00298127 /* FAQTableViewCell.swift */ = {isa = PBXFileReference; fileEncoding = 4; lastKnownFileType = sourcecode.swift; path = FAQTableViewCell.swift; sourceTree = "<group>"; };
		93753C061E5623290048DD6B /* AboutViewController.swift */ = {isa = PBXFileReference; fileEncoding = 4; lastKnownFileType = sourcecode.swift; path = AboutViewController.swift; sourceTree = "<group>"; };
		CBC6164695A978B130E3802A /* Pods_Chula_Expo_2017.framework */ = {isa = PBXFileReference; explicitFileType = wrapper.framework; includeInIndex = 0; path = Pods_Chula_Expo_2017.framework; sourceTree = BUILT_PRODUCTS_DIR; };
/* End PBXFileReference section */

/* Begin PBXFrameworksBuildPhase section */
		5F4A9D8B1E10300900713580 /* Frameworks */ = {
			isa = PBXFrameworksBuildPhase;
			buildActionMask = 2147483647;
			files = (
				5F0E92E11E48D8A100D5513B /* Alamofire.framework in Frameworks */,
				805029C31E2AA139009ABF2C /* FBSDKShareKit.framework in Frameworks */,
				805029BD1E2AA139009ABF2C /* Bolts.framework in Frameworks */,
				805029BF1E2AA139009ABF2C /* FBSDKCoreKit.framework in Frameworks */,
				805029C11E2AA139009ABF2C /* FBSDKLoginKit.framework in Frameworks */,
				603DF2ACAFBA4C7F11D741B0 /* Pods_Chula_Expo_2017.framework in Frameworks */,
			);
			runOnlyForDeploymentPostprocessing = 0;
		};
/* End PBXFrameworksBuildPhase section */

/* Begin PBXGroup section */
		581940CD1E44637B000C566C /* Modal_Search */ = {
			isa = PBXGroup;
			children = (
				581940CE1E446395000C566C /* Search.storyboard */,
				581940D01E4463AB000C566C /* SearchViewController.swift */,
				581940D21E4473E0000C566C /* HeaderSearchTableViewCell.swift */,
				581940D41E44783A000C566C /* MapSearchTableViewCell.swift */,
				581940D61E44A072000C566C /* EventfeedTableViewCell.swift */,
			);
			name = Modal_Search;
			sourceTree = "<group>";
		};
		5CDEEB30165B258A699A6DEE /* Pods */ = {
			isa = PBXGroup;
			children = (
				16D581782F48D50A19FC5C8E /* Pods-Chula Expo 2017.debug.xcconfig */,
				5ADF032F16A51057C2FA9709 /* Pods-Chula Expo 2017.release.xcconfig */,
			);
			name = Pods;
			sourceTree = "<group>";
		};
		5F07EDC51E2B64E80017ECD5 /* Modal_EventDetails */ = {
			isa = PBXGroup;
			children = (
				80889D751E5CA45D00145F1D /* Old */,
				5F07EDC21E2B64D50017ECD5 /* EventDetails.storyboard */,
				5FF51A5B1E40AF51000DF788 /* EventDetailTableViewController.swift */,
				5F07EDCC1E2B84980017ECD5 /* ImageTableViewCell.swift */,
				5FF51A591E40A802000DF788 /* EventHeaderTableViewCell.swift */,
				5F07EDDC1E2CD5DA0017ECD5 /* DescTableViewCell.swift */,
				5FA88E571E420CF2004E7F12 /* DocumentTableViewCell.swift */,
				5FF7C0E11E2D2142002D6DBD /* GalleryTableViewCell.swift */,
				5F7E8E831E424A6400241904 /* MapTableViewCell.swift */,
				5F4ED17C1E43082F008F3A19 /* TagTableViewCell.swift */,
				5F7A296C1E44B4AF00BC3CA6 /* FavoriteViewController.swift */,
				5F7A1F211E2E0B2900349134 /* GalleryViewController.swift */,
				5F7A1F231E2E10CE00349134 /* ImageFrameViewController.swift */,
			);
			name = Modal_EventDetails;
			sourceTree = "<group>";
		};
		5F202CDD1E321F4200AEAF1C /* Font */ = {
			isa = PBXGroup;
			children = (
				5F202CDE1E321F4E00AEAF1C /* SukhumvitSet.ttc */,
			);
			name = Font;
			sourceTree = "<group>";
		};
		5F23F38C1E22282A00ACA6A7 /* First_home */ = {
			isa = PBXGroup;
			children = (
				80BFD4D71E27F39D00491730 /* CoreData */,
				803BCC771E31117900F4BA78 /* StageEvent */,
				5F5C7D411E10DC6A00C9D0F2 /* First.storyboard */,
				5F23F3901E2273B300ACA6A7 /* FirstViewController.swift */,
				803C5DFC1E37B66A00079A97 /* HeaderTableViewCell.swift */,
				8000A53F1E3785A000AED5EF /* TableHeaderView.swift */,
				5F6F34BC1E2F99D00090F378 /* SlideshowPageViewController.swift */,
				5F6F34B81E2F7EFE0090F378 /* SlideshowFrameViewController.swift */,
				5FB054581E23CEEF00428428 /* TagController.swift */,
				80BFD4D11E27ED6F00491730 /* StageCell.swift */,
				808B67FB1E2DEBC700AAB37A /* CapsuleUILabel.swift */,
				80BFD4D31E27ED8300491730 /* EventFeedCell.swift */,
			);
			name = First_home;
			sourceTree = "<group>";
		};
		5F23F38E1E22285300ACA6A7 /* Second_map */ = {
			isa = PBXGroup;
			children = (
				5F5C7D491E10DD9D00C9D0F2 /* Second.storyboard */,
				5F25B2301E10E006008A3B11 /* SecondViewController.swift */,
			);
			name = Second_map;
			sourceTree = "<group>";
		};
		5F23F38F1E22287A00ACA6A7 /* Fourth_more */ = {
			isa = PBXGroup;
			children = (
				80E2AE741E58C3A6003E2148 /* fourthAsset.xcassets */,
				5F5C7D4F1E10DE1500C9D0F2 /* Fourth.storyboard */,
				5F25B2341E10E027008A3B11 /* FourthViewController.swift */,
				58611AA71E2B598F00B0BFDA /* FourthHeadTableViewCell.swift */,
				58611AA91E2B5A3600B0BFDA /* FourthMenuTableViewCell.swift */,
				58BD39441E4C4DFA00218B52 /* MeViewController.swift */,
				931613E11E4F6FC900298127 /* HeaderMeTableViewCell.swift */,
				931613E31E4F706B00298127 /* FeedMeTableViewCell.swift */,
				931613E71E4F713400298127 /* FavViewController.swift */,
				931613E91E4F8F8600298127 /* FAQViewController.swift */,
				931613EB1E4F910D00298127 /* FAQTableViewCell.swift */,
				93753C061E5623290048DD6B /* AboutViewController.swift */,
			);
			name = Fourth_more;
			sourceTree = "<group>";
		};
		5F307C901E26AF3900DEF3B0 /* Modal_QR */ = {
			isa = PBXGroup;
			children = (
				5F307C8D1E26AF0000DEF3B0 /* QRCode.storyboard */,
				5F307C8B1E26893300DEF3B0 /* QRViewController.swift */,
			);
			name = Modal_QR;
			sourceTree = "<group>";
		};
		5F4A9D851E10300900713580 = {
			isa = PBXGroup;
			children = (
				5F202CDD1E321F4200AEAF1C /* Font */,
				5F9FB0841E150EDE00E984AB /* Frameworks */,
				5F4A9D901E10300900713580 /* Chula Expo 2017 */,
				5F4A9D8F1E10300900713580 /* Products */,
				5CDEEB30165B258A699A6DEE /* Pods */,
			);
			sourceTree = "<group>";
		};
		5F4A9D8F1E10300900713580 /* Products */ = {
			isa = PBXGroup;
			children = (
				5F4A9D8E1E10300900713580 /* Chula Expo 2017.app */,
			);
			name = Products;
			sourceTree = "<group>";
		};
		5F4A9D901E10300900713580 /* Chula Expo 2017 */ = {
			isa = PBXGroup;
			children = (
				581940CD1E44637B000C566C /* Modal_Search */,
				800052CB1E326F7D006C4E95 /* CoreData */,
				5F9FB0811E1508C000E984AB /* Chula Expo 2017.entitlements */,
				802368F01E262F1000ECF9EF /* UserData+CoreDataClass.swift */,
				5F07EDC01E2B48420017ECD5 /* UserController.swift */,
				802368F11E262F1000ECF9EF /* UserData+CoreDataProperties.swift */,
				5F4A9D911E10300900713580 /* AppDelegate.swift */,
				5F8DAB4C1E34B88900B2641F /* Main_LoginAndRegistration */,
				5F07EDC51E2B64E80017ECD5 /* Modal_EventDetails */,
				5F307C901E26AF3900DEF3B0 /* Modal_QR */,
				5F23F38C1E22282A00ACA6A7 /* First_home */,
				5F23F38E1E22285300ACA6A7 /* Second_map */,
				80073CDC1E1E315400C1F64E /* Third_events */,
				5F23F38F1E22287A00ACA6A7 /* Fourth_more */,
				5F4A9D9B1E10300900713580 /* Assets.xcassets */,
				5F4A9D9D1E10300900713580 /* LaunchScreen.storyboard */,
				5F4A9DA01E10300900713580 /* Info.plist */,
				800641D61E215A7F00760834 /* Model.xcdatamodeld */,
				58611AAB1E2B853100B0BFDA /* CustomHeaderCell.swift */,
			);
			path = "Chula Expo 2017";
			sourceTree = "<group>";
		};
		5F8DAB4C1E34B88900B2641F /* Main_LoginAndRegistration */ = {
			isa = PBXGroup;
			children = (
				5F4A9D951E10300900713580 /* Main.storyboard */,
				800D58401E40A4ED00E854E8 /* interestCollectionViewCell1.swift */,
				800D583E1E40A4C900E854E8 /* InterestCollectionViewCell.swift */,
				5F18D57C1E14E53300EF81E6 /* LoginViewController.swift */,
				5FDC57B51E47485800B452E7 /* UserTypeViewController.swift */,
				5FDC57B71E475AE300B452E7 /* RegisterViewController.swift */,
				5FCE0A771E10E4B400E5DB16 /* RegisterViewController2.swift */,
				581940D81E4516BF000C566C /* interestViewController.swift */,
				581940DA1E467A99000C566C /* interestFacityViewController.swift */,
			);
			name = Main_LoginAndRegistration;
			sourceTree = "<group>";
		};
		5F9FB0841E150EDE00E984AB /* Frameworks */ = {
			isa = PBXGroup;
			children = (
				5F0E92E01E48D8A100D5513B /* Alamofire.framework */,
				5F9FB0851E150EDE00E984AB /* Bolts.framework */,
				5F9FB0861E150EDE00E984AB /* FBSDKCoreKit.framework */,
				5F9FB0871E150EDE00E984AB /* FBSDKLoginKit.framework */,
				5F9FB0881E150EDE00E984AB /* FBSDKShareKit.framework */,
				CBC6164695A978B130E3802A /* Pods_Chula_Expo_2017.framework */,
			);
			path = Frameworks;
			sourceTree = "<group>";
		};
		800052CB1E326F7D006C4E95 /* CoreData */ = {
			isa = PBXGroup;
			children = (
				80DC941B1E366B5200A1D01A /* ActivityData+CoreDataClass.swift */,
				80DC941C1E366B5200A1D01A /* ActivityData+CoreDataProperties.swift */,
				5F663B271E597C01006F2568 /* FacilityData+CoreDataClass.swift */,
				5F663B281E597C01006F2568 /* FacilityData+CoreDataProperties.swift */,
				5FD451501E521A2400291CE5 /* FavoritedActivity+CoreDataClass.swift */,
				5FD451511E521A2400291CE5 /* FavoritedActivity+CoreDataProperties.swift */,
				80DC94191E366B5200A1D01A /* RoundData+CoreDataClass.swift */,
				80DC941A1E366B5200A1D01A /* RoundData+CoreDataProperties.swift */,
				80DC941D1E366B5200A1D01A /* ImageData+CoreDataClass.swift */,
				80DC941E1E366B5200A1D01A /* ImageData+CoreDataProperties.swift */,
				80DC941F1E366B5200A1D01A /* TagData+CoreDataClass.swift */,
				80DC94201E366B5200A1D01A /* TagData+CoreDataProperties.swift */,
				80DC94211E366B5200A1D01A /* VideoData+CoreDataClass.swift */,
				80DC94221E366B5200A1D01A /* VideoData+CoreDataProperties.swift */,
				5F2D9EC81E4CE2A100818474 /* RoomData+CoreDataClass.swift */,
				5F2D9EC91E4CE2A100818474 /* RoomData+CoreDataProperties.swift */,
				5F2D9ECA1E4CE2A100818474 /* ZoneData+CoreDataClass.swift */,
				5F2D9ECB1E4CE2A100818474 /* ZoneData+CoreDataProperties.swift */,
				5F2D9ECC1E4CE2A100818474 /* PlaceData+CoreDataClass.swift */,
				5F2D9ECD1E4CE2A100818474 /* PlaceData+CoreDataProperties.swift */,
			);
			name = CoreData;
			path = ..;
			sourceTree = "<group>";
		};
		80073CDC1E1E315400C1F64E /* Third_events */ = {
			isa = PBXGroup;
			children = (
				80320A841E4F10A200278CCC /* EventAsset.xcassets */,
				80403F351E5DECDB009C1937 /* InterestBG.xcassets */,
				80D103251E54AFB2004F8998 /* Old */,
				80BFD4D81E27F3AA00491730 /* CoreData */,
				5F5C7D4C1E10DDCC00C9D0F2 /* Third.storyboard */,
				80314F3A1E4A1CDD003DB96A /* EventSelectViewController.swift */,
				802F979D1E4AD01900B83976 /* CityLayout.swift */,
				80314F3E1E4A2F0D003DB96A /* CityCollectionViewCell.swift */,
				80314F401E4A2F1E003DB96A /* FacultyCollectionViewCell.swift */,
				80314F461E4A3532003DB96A /* InterCollectionViewCell.swift */,
				5F25B2321E10E018008A3B11 /* ThirdViewController.swift */,
				80D103231E54AF55004F8998 /* EventsController.swift */,
				807FF6451E21438200A9CA08 /* EventsTableViewController.swift */,
			);
			name = Third_events;
			sourceTree = "<group>";
		};
		803BCC771E31117900F4BA78 /* StageEvent */ = {
			isa = PBXGroup;
			children = (
				8059FF231E41B24800B013B3 /* StageExpandableCoreDataTableViewController.swift */,
				8059FF1F1E41AEE800B013B3 /* StageExpandTableViewController.swift */,
				803688AA1E42595300C1FB58 /* StageDetailCell.swift */,
				8059FF211E41B1F800B013B3 /* StageExpandableCell.swift */,
			);
			name = StageEvent;
			sourceTree = "<group>";
		};
		80889D751E5CA45D00145F1D /* Old */ = {
			isa = PBXGroup;
			children = (
				5F07EDD41E2BBB950017ECD5 /* EventDetailsTableViewController.swift */,
			);
			name = Old;
			sourceTree = "<group>";
		};
		80BFD4D71E27F39D00491730 /* CoreData */ = {
			isa = PBXGroup;
			children = (
				80BFD4D51E27EDA300491730 /* MainCoreDataTableViewController.swift */,
			);
			name = CoreData;
			sourceTree = "<group>";
		};
		80BFD4D81E27F3AA00491730 /* CoreData */ = {
			isa = PBXGroup;
			children = (
				80D6586E1E1EB1DB009720AF /* CoreDataTableViewController.swift */,
			);
			name = CoreData;
			sourceTree = "<group>";
		};
		80D103251E54AFB2004F8998 /* Old */ = {
			isa = PBXGroup;
			children = (
				800641D91E215BAC00760834 /* EventData+CoreDataClass.swift */,
				800641DA1E215BAC00760834 /* EventData+CoreDataProperties.swift */,
				800E2A181E1E2B3D00677A54 /* FacityTableViewController.swift */,
				802F13B21E23FC240098A687 /* BookTableViewCell.swift */,
				80073CDD1E1E32AF00C1F64E /* FacityTableViewCell.swift */,
				80D6586C1E1EB1A0009720AF /* EventTableViewCell.swift */,
				80314F3C1E4A1D61003DB96A /* CollectionViewController.swift */,
			);
			name = Old;
			sourceTree = "<group>";
		};
/* End PBXGroup section */

/* Begin PBXNativeTarget section */
		5F4A9D8D1E10300900713580 /* Chula Expo 2017 */ = {
			isa = PBXNativeTarget;
			buildConfigurationList = 5F4A9DA31E10300900713580 /* Build configuration list for PBXNativeTarget "Chula Expo 2017" */;
			buildPhases = (
				61BE41AC074E10D1FDE39DAF /* [CP] Check Pods Manifest.lock */,
				5F4A9D8A1E10300900713580 /* Sources */,
				5F4A9D8B1E10300900713580 /* Frameworks */,
				5F4A9D8C1E10300900713580 /* Resources */,
				B91A9A7D7B5466C53C3B3EE6 /* [CP] Embed Pods Frameworks */,
				2CC7230D535FCF9266C27714 /* [CP] Copy Pods Resources */,
			);
			buildRules = (
			);
			dependencies = (
			);
			name = "Chula Expo 2017";
			productName = "Chula Expo 2017";
			productReference = 5F4A9D8E1E10300900713580 /* Chula Expo 2017.app */;
			productType = "com.apple.product-type.application";
		};
/* End PBXNativeTarget section */

/* Begin PBXProject section */
		5F4A9D861E10300900713580 /* Project object */ = {
			isa = PBXProject;
			attributes = {
				LastSwiftUpdateCheck = 0820;
				LastUpgradeCheck = 0820;
				ORGANIZATIONNAME = "Chula Computer Engineering Batch#41";
				TargetAttributes = {
					5F4A9D8D1E10300900713580 = {
						CreatedOnToolsVersion = 8.2;
						DevelopmentTeam = DPQ3565CLE;
						ProvisioningStyle = Automatic;
						SystemCapabilities = {
							com.apple.Keychain = {
								enabled = 1;
							};
						};
					};
				};
			};
			buildConfigurationList = 5F4A9D891E10300900713580 /* Build configuration list for PBXProject "Chula Expo 2017" */;
			compatibilityVersion = "Xcode 3.2";
			developmentRegion = English;
			hasScannedForEncodings = 0;
			knownRegions = (
				en,
				Base,
			);
			mainGroup = 5F4A9D851E10300900713580;
			productRefGroup = 5F4A9D8F1E10300900713580 /* Products */;
			projectDirPath = "";
			projectRoot = "";
			targets = (
				5F4A9D8D1E10300900713580 /* Chula Expo 2017 */,
			);
		};
/* End PBXProject section */

/* Begin PBXResourcesBuildPhase section */
		5F4A9D8C1E10300900713580 /* Resources */ = {
			isa = PBXResourcesBuildPhase;
			buildActionMask = 2147483647;
			files = (
				5F202CDF1E321F5500AEAF1C /* SukhumvitSet.ttc in Resources */,
				5F4A9D9F1E10300900713580 /* LaunchScreen.storyboard in Resources */,
				5F5C7D4E1E10DDCC00C9D0F2 /* Third.storyboard in Resources */,
				5F4A9D9C1E10300900713580 /* Assets.xcassets in Resources */,
				80403F361E5DECDB009C1937 /* InterestBG.xcassets in Resources */,
				5F07EDC41E2B64D50017ECD5 /* EventDetails.storyboard in Resources */,
				5F4A9D971E10300900713580 /* Main.storyboard in Resources */,
				5F307C8F1E26AF0000DEF3B0 /* QRCode.storyboard in Resources */,
				581940CF1E446395000C566C /* Search.storyboard in Resources */,
				5F5C7D431E10DC6A00C9D0F2 /* First.storyboard in Resources */,
				80320A851E4F10A200278CCC /* EventAsset.xcassets in Resources */,
				80E2AE751E58C3A6003E2148 /* fourthAsset.xcassets in Resources */,
				5F5C7D511E10DE1500C9D0F2 /* Fourth.storyboard in Resources */,
				5F5C7D4B1E10DD9D00C9D0F2 /* Second.storyboard in Resources */,
			);
			runOnlyForDeploymentPostprocessing = 0;
		};
/* End PBXResourcesBuildPhase section */

/* Begin PBXShellScriptBuildPhase section */
		2CC7230D535FCF9266C27714 /* [CP] Copy Pods Resources */ = {
			isa = PBXShellScriptBuildPhase;
			buildActionMask = 2147483647;
			files = (
			);
			inputPaths = (
			);
			name = "[CP] Copy Pods Resources";
			outputPaths = (
			);
			runOnlyForDeploymentPostprocessing = 0;
			shellPath = /bin/sh;
			shellScript = "\"${SRCROOT}/Pods/Target Support Files/Pods-Chula Expo 2017/Pods-Chula Expo 2017-resources.sh\"\n";
			showEnvVarsInLog = 0;
		};
		61BE41AC074E10D1FDE39DAF /* [CP] Check Pods Manifest.lock */ = {
			isa = PBXShellScriptBuildPhase;
			buildActionMask = 2147483647;
			files = (
			);
			inputPaths = (
			);
			name = "[CP] Check Pods Manifest.lock";
			outputPaths = (
			);
			runOnlyForDeploymentPostprocessing = 0;
			shellPath = /bin/sh;
			shellScript = "diff \"${PODS_ROOT}/../Podfile.lock\" \"${PODS_ROOT}/Manifest.lock\" > /dev/null\nif [ $? != 0 ] ; then\n    # print error to STDERR\n    echo \"error: The sandbox is not in sync with the Podfile.lock. Run 'pod install' or update your CocoaPods installation.\" >&2\n    exit 1\nfi\n";
			showEnvVarsInLog = 0;
		};
		B91A9A7D7B5466C53C3B3EE6 /* [CP] Embed Pods Frameworks */ = {
			isa = PBXShellScriptBuildPhase;
			buildActionMask = 2147483647;
			files = (
			);
			inputPaths = (
			);
			name = "[CP] Embed Pods Frameworks";
			outputPaths = (
			);
			runOnlyForDeploymentPostprocessing = 0;
			shellPath = /bin/sh;
			shellScript = "\"${SRCROOT}/Pods/Target Support Files/Pods-Chula Expo 2017/Pods-Chula Expo 2017-frameworks.sh\"\n";
			showEnvVarsInLog = 0;
		};
/* End PBXShellScriptBuildPhase section */

/* Begin PBXSourcesBuildPhase section */
		5F4A9D8A1E10300900713580 /* Sources */ = {
			isa = PBXSourcesBuildPhase;
			buildActionMask = 2147483647;
			files = (
				80314F3B1E4A1CDD003DB96A /* EventSelectViewController.swift in Sources */,
				800D583F1E40A4C900E854E8 /* InterestCollectionViewCell.swift in Sources */,
				58BD39451E4C4DFA00218B52 /* MeViewController.swift in Sources */,
				802368F21E262F1000ECF9EF /* UserData+CoreDataClass.swift in Sources */,
				80D6586D1E1EB1A0009720AF /* EventTableViewCell.swift in Sources */,
				581940D91E4516BF000C566C /* interestViewController.swift in Sources */,
				931613E21E4F6FC900298127 /* HeaderMeTableViewCell.swift in Sources */,
				5F18D57D1E14E53300EF81E6 /* LoginViewController.swift in Sources */,
				5F663B291E597C01006F2568 /* FacilityData+CoreDataClass.swift in Sources */,
				80DC94261E366B5200A1D01A /* RoundData+CoreDataProperties.swift in Sources */,
				5FD451531E521A2400291CE5 /* FavoritedActivity+CoreDataProperties.swift in Sources */,
				8059FF241E41B24800B013B3 /* StageExpandableCoreDataTableViewController.swift in Sources */,
				5F25B2311E10E006008A3B11 /* SecondViewController.swift in Sources */,
				5F25B2331E10E018008A3B11 /* ThirdViewController.swift in Sources */,
				5F663B2A1E597C01006F2568 /* FacilityData+CoreDataProperties.swift in Sources */,
				800641DC1E215BAC00760834 /* EventData+CoreDataProperties.swift in Sources */,
				8000A5401E3785A000AED5EF /* TableHeaderView.swift in Sources */,
				80DC942C1E366B5300A1D01A /* TagData+CoreDataProperties.swift in Sources */,
				581940D31E4473E0000C566C /* HeaderSearchTableViewCell.swift in Sources */,
				5F2D9ECE1E4CE2A100818474 /* RoomData+CoreDataClass.swift in Sources */,
				5F2D9ED31E4CE2A100818474 /* PlaceData+CoreDataProperties.swift in Sources */,
				80DC942B1E366B5300A1D01A /* TagData+CoreDataClass.swift in Sources */,
				581940D71E44A072000C566C /* EventfeedTableViewCell.swift in Sources */,
				581940DB1E467A99000C566C /* interestFacityViewController.swift in Sources */,
				5FDC57B61E47485800B452E7 /* UserTypeViewController.swift in Sources */,
				5F07EDCD1E2B84980017ECD5 /* ImageTableViewCell.swift in Sources */,
				5F6F34B91E2F7EFE0090F378 /* SlideshowFrameViewController.swift in Sources */,
				5FD451521E521A2400291CE5 /* FavoritedActivity+CoreDataClass.swift in Sources */,
				5F7A1F241E2E10CE00349134 /* ImageFrameViewController.swift in Sources */,
				80DC942D1E366B5300A1D01A /* VideoData+CoreDataClass.swift in Sources */,
				5FF7C0E21E2D2142002D6DBD /* GalleryTableViewCell.swift in Sources */,
				802368F31E262F1000ECF9EF /* UserData+CoreDataProperties.swift in Sources */,
				58611AAA1E2B5A3600B0BFDA /* FourthMenuTableViewCell.swift in Sources */,
				5FCE0A781E10E4B400E5DB16 /* RegisterViewController2.swift in Sources */,
				931613E41E4F706B00298127 /* FeedMeTableViewCell.swift in Sources */,
				80DC942A1E366B5300A1D01A /* ImageData+CoreDataProperties.swift in Sources */,
				800641DB1E215BAC00760834 /* EventData+CoreDataClass.swift in Sources */,
				5FF51A5C1E40AF51000DF788 /* EventDetailTableViewController.swift in Sources */,
				80314F411E4A2F1E003DB96A /* FacultyCollectionViewCell.swift in Sources */,
				5F07EDDD1E2CD5DA0017ECD5 /* DescTableViewCell.swift in Sources */,
				5F7A1F221E2E0B2900349134 /* GalleryViewController.swift in Sources */,
				5F25B2351E10E027008A3B11 /* FourthViewController.swift in Sources */,
				931613EC1E4F910D00298127 /* FAQTableViewCell.swift in Sources */,
				5FDC57B81E475AE300B452E7 /* RegisterViewController.swift in Sources */,
				8059FF221E41B1F800B013B3 /* StageExpandableCell.swift in Sources */,
				800D58431E40A4ED00E854E8 /* interestCollectionViewCell1.swift in Sources */,
				5F07EDC11E2B48420017ECD5 /* UserController.swift in Sources */,
				80DC94281E366B5200A1D01A /* ActivityData+CoreDataProperties.swift in Sources */,
				808B67FC1E2DEBC700AAB37A /* CapsuleUILabel.swift in Sources */,
				80BFD4D61E27EDA300491730 /* MainCoreDataTableViewController.swift in Sources */,
				93753C071E5623290048DD6B /* AboutViewController.swift in Sources */,
				803688AB1E42595300C1FB58 /* StageDetailCell.swift in Sources */,
				802F13B31E23FC240098A687 /* BookTableViewCell.swift in Sources */,
				80314F3F1E4A2F0D003DB96A /* CityCollectionViewCell.swift in Sources */,
				58611AAC1E2B853100B0BFDA /* CustomHeaderCell.swift in Sources */,
				80BFD4D41E27ED8300491730 /* EventFeedCell.swift in Sources */,
				5F4ED17D1E43082F008F3A19 /* TagTableViewCell.swift in Sources */,
				5FA88E581E420CF2004E7F12 /* DocumentTableViewCell.swift in Sources */,
				5F2D9ECF1E4CE2A100818474 /* RoomData+CoreDataProperties.swift in Sources */,
				581940D51E44783B000C566C /* MapSearchTableViewCell.swift in Sources */,
				5FF51A5A1E40A802000DF788 /* EventHeaderTableViewCell.swift in Sources */,
				8059FF201E41AEE800B013B3 /* StageExpandTableViewController.swift in Sources */,
				807FF6461E21438200A9CA08 /* EventsTableViewController.swift in Sources */,
				802F979E1E4AD01900B83976 /* CityLayout.swift in Sources */,
				80314F3D1E4A1D61003DB96A /* CollectionViewController.swift in Sources */,
				5F4A9D921E10300900713580 /* AppDelegate.swift in Sources */,
				80DC94251E366B5200A1D01A /* RoundData+CoreDataClass.swift in Sources */,
				5F7E8E841E424A6400241904 /* MapTableViewCell.swift in Sources */,
				931613E81E4F713400298127 /* FavViewController.swift in Sources */,
				58611AA81E2B598F00B0BFDA /* FourthHeadTableViewCell.swift in Sources */,
				5F307C8C1E26893300DEF3B0 /* QRViewController.swift in Sources */,
				800641D81E215A7F00760834 /* Model.xcdatamodeld in Sources */,
				5F23F3911E2273B300ACA6A7 /* FirstViewController.swift in Sources */,
				80DC94271E366B5200A1D01A /* ActivityData+CoreDataClass.swift in Sources */,
				80314F471E4A3532003DB96A /* InterCollectionViewCell.swift in Sources */,
				931613EA1E4F8F8600298127 /* FAQViewController.swift in Sources */,
				5F2D9ED01E4CE2A100818474 /* ZoneData+CoreDataClass.swift in Sources */,
				80DC94291E366B5300A1D01A /* ImageData+CoreDataClass.swift in Sources */,
				5F07EDD51E2BBB950017ECD5 /* EventDetailsTableViewController.swift in Sources */,
				5F2D9ED21E4CE2A100818474 /* PlaceData+CoreDataClass.swift in Sources */,
				80D6586F1E1EB1DB009720AF /* CoreDataTableViewController.swift in Sources */,
				5F7A296D1E44B4AF00BC3CA6 /* FavoriteViewController.swift in Sources */,
				80BFD4D21E27ED6F00491730 /* StageCell.swift in Sources */,
				80D103241E54AF55004F8998 /* EventsController.swift in Sources */,
				5F6F34BD1E2F99D00090F378 /* SlideshowPageViewController.swift in Sources */,
				581940D11E4463AB000C566C /* SearchViewController.swift in Sources */,
				80DC942E1E366B5300A1D01A /* VideoData+CoreDataProperties.swift in Sources */,
				803C5DFD1E37B66A00079A97 /* HeaderTableViewCell.swift in Sources */,
				800E2A191E1E2B3D00677A54 /* FacityTableViewController.swift in Sources */,
				5FB054591E23CEEF00428428 /* TagController.swift in Sources */,
				80073CDE1E1E32AF00C1F64E /* FacityTableViewCell.swift in Sources */,
				5F2D9ED11E4CE2A100818474 /* ZoneData+CoreDataProperties.swift in Sources */,
			);
			runOnlyForDeploymentPostprocessing = 0;
		};
/* End PBXSourcesBuildPhase section */

/* Begin PBXVariantGroup section */
		5F07EDC21E2B64D50017ECD5 /* EventDetails.storyboard */ = {
			isa = PBXVariantGroup;
			children = (
				5F07EDC31E2B64D50017ECD5 /* Base */,
			);
			name = EventDetails.storyboard;
			sourceTree = "<group>";
		};
		5F307C8D1E26AF0000DEF3B0 /* QRCode.storyboard */ = {
			isa = PBXVariantGroup;
			children = (
				5F307C8E1E26AF0000DEF3B0 /* Base */,
			);
			name = QRCode.storyboard;
			sourceTree = "<group>";
		};
		5F4A9D951E10300900713580 /* Main.storyboard */ = {
			isa = PBXVariantGroup;
			children = (
				5F4A9D961E10300900713580 /* Base */,
			);
			name = Main.storyboard;
			sourceTree = "<group>";
		};
		5F4A9D9D1E10300900713580 /* LaunchScreen.storyboard */ = {
			isa = PBXVariantGroup;
			children = (
				5F4A9D9E1E10300900713580 /* Base */,
			);
			name = LaunchScreen.storyboard;
			sourceTree = "<group>";
		};
		5F5C7D411E10DC6A00C9D0F2 /* First.storyboard */ = {
			isa = PBXVariantGroup;
			children = (
				5F5C7D421E10DC6A00C9D0F2 /* Base */,
			);
			name = First.storyboard;
			sourceTree = "<group>";
		};
		5F5C7D491E10DD9D00C9D0F2 /* Second.storyboard */ = {
			isa = PBXVariantGroup;
			children = (
				5F5C7D4A1E10DD9D00C9D0F2 /* Base */,
			);
			name = Second.storyboard;
			sourceTree = "<group>";
		};
		5F5C7D4C1E10DDCC00C9D0F2 /* Third.storyboard */ = {
			isa = PBXVariantGroup;
			children = (
				5F5C7D4D1E10DDCC00C9D0F2 /* Base */,
			);
			name = Third.storyboard;
			sourceTree = "<group>";
		};
		5F5C7D4F1E10DE1500C9D0F2 /* Fourth.storyboard */ = {
			isa = PBXVariantGroup;
			children = (
				5F5C7D501E10DE1500C9D0F2 /* Base */,
			);
			name = Fourth.storyboard;
			sourceTree = "<group>";
		};
/* End PBXVariantGroup section */

/* Begin XCBuildConfiguration section */
		5F4A9DA11E10300900713580 /* Debug */ = {
			isa = XCBuildConfiguration;
			buildSettings = {
				ALWAYS_SEARCH_USER_PATHS = NO;
				CLANG_ANALYZER_NONNULL = YES;
				CLANG_CXX_LANGUAGE_STANDARD = "gnu++0x";
				CLANG_CXX_LIBRARY = "libc++";
				CLANG_ENABLE_MODULES = YES;
				CLANG_ENABLE_OBJC_ARC = YES;
				CLANG_WARN_BOOL_CONVERSION = YES;
				CLANG_WARN_CONSTANT_CONVERSION = YES;
				CLANG_WARN_DIRECT_OBJC_ISA_USAGE = YES_ERROR;
				CLANG_WARN_DOCUMENTATION_COMMENTS = YES;
				CLANG_WARN_EMPTY_BODY = YES;
				CLANG_WARN_ENUM_CONVERSION = YES;
				CLANG_WARN_INFINITE_RECURSION = YES;
				CLANG_WARN_INT_CONVERSION = YES;
				CLANG_WARN_OBJC_ROOT_CLASS = YES_ERROR;
				CLANG_WARN_SUSPICIOUS_MOVE = YES;
				CLANG_WARN_UNREACHABLE_CODE = YES;
				CLANG_WARN__DUPLICATE_METHOD_MATCH = YES;
				"CODE_SIGN_IDENTITY[sdk=iphoneos*]" = "iPhone Developer";
				COPY_PHASE_STRIP = NO;
				DEBUG_INFORMATION_FORMAT = dwarf;
				ENABLE_STRICT_OBJC_MSGSEND = YES;
				ENABLE_TESTABILITY = YES;
				GCC_C_LANGUAGE_STANDARD = gnu99;
				GCC_DYNAMIC_NO_PIC = NO;
				GCC_NO_COMMON_BLOCKS = YES;
				GCC_OPTIMIZATION_LEVEL = 0;
				GCC_PREPROCESSOR_DEFINITIONS = (
					"DEBUG=1",
					"$(inherited)",
				);
				GCC_WARN_64_TO_32_BIT_CONVERSION = YES;
				GCC_WARN_ABOUT_RETURN_TYPE = YES_ERROR;
				GCC_WARN_UNDECLARED_SELECTOR = YES;
				GCC_WARN_UNINITIALIZED_AUTOS = YES_AGGRESSIVE;
				GCC_WARN_UNUSED_FUNCTION = YES;
				GCC_WARN_UNUSED_VARIABLE = YES;
				IPHONEOS_DEPLOYMENT_TARGET = 10.2;
				MTL_ENABLE_DEBUG_INFO = YES;
				ONLY_ACTIVE_ARCH = YES;
				SDKROOT = iphoneos;
				SWIFT_ACTIVE_COMPILATION_CONDITIONS = DEBUG;
				SWIFT_OPTIMIZATION_LEVEL = "-Onone";
			};
			name = Debug;
		};
		5F4A9DA21E10300900713580 /* Release */ = {
			isa = XCBuildConfiguration;
			buildSettings = {
				ALWAYS_SEARCH_USER_PATHS = NO;
				CLANG_ANALYZER_NONNULL = YES;
				CLANG_CXX_LANGUAGE_STANDARD = "gnu++0x";
				CLANG_CXX_LIBRARY = "libc++";
				CLANG_ENABLE_MODULES = YES;
				CLANG_ENABLE_OBJC_ARC = YES;
				CLANG_WARN_BOOL_CONVERSION = YES;
				CLANG_WARN_CONSTANT_CONVERSION = YES;
				CLANG_WARN_DIRECT_OBJC_ISA_USAGE = YES_ERROR;
				CLANG_WARN_DOCUMENTATION_COMMENTS = YES;
				CLANG_WARN_EMPTY_BODY = YES;
				CLANG_WARN_ENUM_CONVERSION = YES;
				CLANG_WARN_INFINITE_RECURSION = YES;
				CLANG_WARN_INT_CONVERSION = YES;
				CLANG_WARN_OBJC_ROOT_CLASS = YES_ERROR;
				CLANG_WARN_SUSPICIOUS_MOVE = YES;
				CLANG_WARN_UNREACHABLE_CODE = YES;
				CLANG_WARN__DUPLICATE_METHOD_MATCH = YES;
				"CODE_SIGN_IDENTITY[sdk=iphoneos*]" = "iPhone Developer";
				COPY_PHASE_STRIP = NO;
				DEBUG_INFORMATION_FORMAT = "dwarf-with-dsym";
				ENABLE_NS_ASSERTIONS = NO;
				ENABLE_STRICT_OBJC_MSGSEND = YES;
				GCC_C_LANGUAGE_STANDARD = gnu99;
				GCC_NO_COMMON_BLOCKS = YES;
				GCC_WARN_64_TO_32_BIT_CONVERSION = YES;
				GCC_WARN_ABOUT_RETURN_TYPE = YES_ERROR;
				GCC_WARN_UNDECLARED_SELECTOR = YES;
				GCC_WARN_UNINITIALIZED_AUTOS = YES_AGGRESSIVE;
				GCC_WARN_UNUSED_FUNCTION = YES;
				GCC_WARN_UNUSED_VARIABLE = YES;
				IPHONEOS_DEPLOYMENT_TARGET = 10.2;
				MTL_ENABLE_DEBUG_INFO = NO;
				SDKROOT = iphoneos;
				SWIFT_OPTIMIZATION_LEVEL = "-Owholemodule";
				VALIDATE_PRODUCT = YES;
			};
			name = Release;
		};
		5F4A9DA41E10300900713580 /* Debug */ = {
			isa = XCBuildConfiguration;
			baseConfigurationReference = 16D581782F48D50A19FC5C8E /* Pods-Chula Expo 2017.debug.xcconfig */;
			buildSettings = {
				ASSETCATALOG_COMPILER_APPICON_NAME = AppIcon;
				CODE_SIGN_ENTITLEMENTS = "Chula Expo 2017/Chula Expo 2017.entitlements";
				DEVELOPMENT_TEAM = DPQ3565CLE;
				FRAMEWORK_SEARCH_PATHS = (
					"$(inherited)",
					"$(PROJECT_DIR)",
					"$(PROJECT_DIR)/Chula\\ Expo\\ 2017",
					"$(PROJECT_DIR)/Chula\\ Expo\\ 2017",
					"$(PROJECT_DIR)/Chula\\ Expo\\ 2017",
					"$(PROJECT_DIR)/Chula\\ Expo\\ 2017",
					"$(PROJECT_DIR)/Frameworks",
					"$(PROJECT_DIR)/DerivedData/Chula\\ Expo\\ 2017/Build/Products/Debug-iphonesimulator/Alamofire",
				);
				INFOPLIST_FILE = "Chula Expo 2017/Info.plist";
				IPHONEOS_DEPLOYMENT_TARGET = 9.0;
				LD_RUNPATH_SEARCH_PATHS = "$(inherited) @executable_path/Frameworks";
				PRODUCT_BUNDLE_IDENTIFIER = "com.cpcu.Chula-Expo-2017";
				PRODUCT_NAME = "$(TARGET_NAME)";
				SWIFT_VERSION = 3.0;
			};
			name = Debug;
		};
		5F4A9DA51E10300900713580 /* Release */ = {
			isa = XCBuildConfiguration;
			baseConfigurationReference = 5ADF032F16A51057C2FA9709 /* Pods-Chula Expo 2017.release.xcconfig */;
			buildSettings = {
				ASSETCATALOG_COMPILER_APPICON_NAME = AppIcon;
				CODE_SIGN_ENTITLEMENTS = "Chula Expo 2017/Chula Expo 2017.entitlements";
				DEVELOPMENT_TEAM = DPQ3565CLE;
				FRAMEWORK_SEARCH_PATHS = (
					"$(inherited)",
					"$(PROJECT_DIR)",
					"$(PROJECT_DIR)/Chula\\ Expo\\ 2017",
					"$(PROJECT_DIR)/Chula\\ Expo\\ 2017",
					"$(PROJECT_DIR)/Chula\\ Expo\\ 2017",
					"$(PROJECT_DIR)/Chula\\ Expo\\ 2017",
					"$(PROJECT_DIR)/Frameworks",
					"$(PROJECT_DIR)/DerivedData/Chula\\ Expo\\ 2017/Build/Products/Debug-iphonesimulator/Alamofire",
				);
				INFOPLIST_FILE = "Chula Expo 2017/Info.plist";
				IPHONEOS_DEPLOYMENT_TARGET = 9.0;
				LD_RUNPATH_SEARCH_PATHS = "$(inherited) @executable_path/Frameworks";
				PRODUCT_BUNDLE_IDENTIFIER = "com.cpcu.Chula-Expo-2017";
				PRODUCT_NAME = "$(TARGET_NAME)";
				SWIFT_VERSION = 3.0;
			};
			name = Release;
		};
/* End XCBuildConfiguration section */

/* Begin XCConfigurationList section */
		5F4A9D891E10300900713580 /* Build configuration list for PBXProject "Chula Expo 2017" */ = {
			isa = XCConfigurationList;
			buildConfigurations = (
				5F4A9DA11E10300900713580 /* Debug */,
				5F4A9DA21E10300900713580 /* Release */,
			);
			defaultConfigurationIsVisible = 0;
			defaultConfigurationName = Release;
		};
		5F4A9DA31E10300900713580 /* Build configuration list for PBXNativeTarget "Chula Expo 2017" */ = {
			isa = XCConfigurationList;
			buildConfigurations = (
				5F4A9DA41E10300900713580 /* Debug */,
				5F4A9DA51E10300900713580 /* Release */,
			);
			defaultConfigurationIsVisible = 0;
			defaultConfigurationName = Release;
		};
/* End XCConfigurationList section */

/* Begin XCVersionGroup section */
		800641D61E215A7F00760834 /* Model.xcdatamodeld */ = {
			isa = XCVersionGroup;
			children = (
				800641D71E215A7F00760834 /* Model.xcdatamodel */,
			);
			currentVersion = 800641D71E215A7F00760834 /* Model.xcdatamodel */;
			name = Model.xcdatamodeld;
			path = ../Model.xcdatamodeld;
			sourceTree = "<group>";
			versionGroupType = wrapper.xcdatamodel;
		};
/* End XCVersionGroup section */
	};
	rootObject = 5F4A9D861E10300900713580 /* Project object */;
}
